// !$*UTF8*$!
{
	archiveVersion = 1;
	classes = {
	};
	objectVersion = 56;
	objects = {

/* Begin PBXBuildFile section */
		0583FF41290B236C0089AB16 /* FructusApp.swift in Sources */ = {isa = PBXBuildFile; fileRef = 0583FF40290B236C0089AB16 /* FructusApp.swift */; };
		0583FF45290B236E0089AB16 /* Assets.xcassets in Resources */ = {isa = PBXBuildFile; fileRef = 0583FF44290B236E0089AB16 /* Assets.xcassets */; };
		0583FF48290B236E0089AB16 /* Preview Assets.xcassets in Resources */ = {isa = PBXBuildFile; fileRef = 0583FF47290B236E0089AB16 /* Preview Assets.xcassets */; };
		0583FF53290BE0950089AB16 /* FruitCardView.swift in Sources */ = {isa = PBXBuildFile; fileRef = 0583FF52290BE0950089AB16 /* FruitCardView.swift */; };
		0583FF55290BE6410089AB16 /* StartButtonView.swift in Sources */ = {isa = PBXBuildFile; fileRef = 0583FF54290BE6410089AB16 /* StartButtonView.swift */; };
		0583FF57290BE9BD0089AB16 /* OnboardingView.swift in Sources */ = {isa = PBXBuildFile; fileRef = 0583FF56290BE9BD0089AB16 /* OnboardingView.swift */; };
		0583FF5A290C45470089AB16 /* FruitModel.swift in Sources */ = {isa = PBXBuildFile; fileRef = 0583FF59290C45470089AB16 /* FruitModel.swift */; };
		0583FF5D290C46440089AB16 /* FruitData.swift in Sources */ = {isa = PBXBuildFile; fileRef = 0583FF5C290C46440089AB16 /* FruitData.swift */; };
		0583FF5F290C5CDE0089AB16 /* ContentView.swift in Sources */ = {isa = PBXBuildFile; fileRef = 0583FF5E290C5CDE0089AB16 /* ContentView.swift */; };
		0583FF61290C60840089AB16 /* FruitRowView.swift in Sources */ = {isa = PBXBuildFile; fileRef = 0583FF60290C60840089AB16 /* FruitRowView.swift */; };
		0583FF63290C73FB0089AB16 /* FruitDetailView.swift in Sources */ = {isa = PBXBuildFile; fileRef = 0583FF62290C73FB0089AB16 /* FruitDetailView.swift */; };
		0583FF65290C77500089AB16 /* FruitHeaderView.swift in Sources */ = {isa = PBXBuildFile; fileRef = 0583FF64290C77500089AB16 /* FruitHeaderView.swift */; };
		0583FF67290C79BB0089AB16 /* SourceLinkView.swift in Sources */ = {isa = PBXBuildFile; fileRef = 0583FF66290C79BB0089AB16 /* SourceLinkView.swift */; };
		05B04A2A290D142900DB59AF /* FruitNutrientsView.swift in Sources */ = {isa = PBXBuildFile; fileRef = 05B04A29290D142900DB59AF /* FruitNutrientsView.swift */; };
		05B04A2C290D184300DB59AF /* SettingView.swift in Sources */ = {isa = PBXBuildFile; fileRef = 05B04A2B290D184200DB59AF /* SettingView.swift */; };
		05B04A2E290D42E500DB59AF /* SettingsLabelView.swift in Sources */ = {isa = PBXBuildFile; fileRef = 05B04A2D290D42E500DB59AF /* SettingsLabelView.swift */; };
		05B04A30290D495E00DB59AF /* SettingsViewRow.swift in Sources */ = {isa = PBXBuildFile; fileRef = 05B04A2F290D495E00DB59AF /* SettingsViewRow.swift */; };
/* End PBXBuildFile section */

/* Begin PBXFileReference section */
		0583FF3D290B236C0089AB16 /* Fructus.app */ = {isa = PBXFileReference; explicitFileType = wrapper.application; includeInIndex = 0; path = Fructus.app; sourceTree = BUILT_PRODUCTS_DIR; };
		0583FF40290B236C0089AB16 /* FructusApp.swift */ = {isa = PBXFileReference; lastKnownFileType = sourcecode.swift; path = FructusApp.swift; sourceTree = "<group>"; };
		0583FF44290B236E0089AB16 /* Assets.xcassets */ = {isa = PBXFileReference; lastKnownFileType = folder.assetcatalog; path = Assets.xcassets; sourceTree = "<group>"; };
		0583FF47290B236E0089AB16 /* Preview Assets.xcassets */ = {isa = PBXFileReference; lastKnownFileType = folder.assetcatalog; path = "Preview Assets.xcassets"; sourceTree = "<group>"; };
		0583FF52290BE0950089AB16 /* FruitCardView.swift */ = {isa = PBXFileReference; lastKnownFileType = sourcecode.swift; path = FruitCardView.swift; sourceTree = "<group>"; };
		0583FF54290BE6410089AB16 /* StartButtonView.swift */ = {isa = PBXFileReference; lastKnownFileType = sourcecode.swift; path = StartButtonView.swift; sourceTree = "<group>"; };
		0583FF56290BE9BD0089AB16 /* OnboardingView.swift */ = {isa = PBXFileReference; lastKnownFileType = sourcecode.swift; path = OnboardingView.swift; sourceTree = "<group>"; };
		0583FF59290C45470089AB16 /* FruitModel.swift */ = {isa = PBXFileReference; lastKnownFileType = sourcecode.swift; path = FruitModel.swift; sourceTree = "<group>"; };
		0583FF5C290C46440089AB16 /* FruitData.swift */ = {isa = PBXFileReference; lastKnownFileType = sourcecode.swift; path = FruitData.swift; sourceTree = "<group>"; };
		0583FF5E290C5CDE0089AB16 /* ContentView.swift */ = {isa = PBXFileReference; fileEncoding = 4; lastKnownFileType = sourcecode.swift; path = ContentView.swift; sourceTree = "<group>"; };
		0583FF60290C60840089AB16 /* FruitRowView.swift */ = {isa = PBXFileReference; lastKnownFileType = sourcecode.swift; path = FruitRowView.swift; sourceTree = "<group>"; };
		0583FF62290C73FB0089AB16 /* FruitDetailView.swift */ = {isa = PBXFileReference; lastKnownFileType = sourcecode.swift; path = FruitDetailView.swift; sourceTree = "<group>"; };
		0583FF64290C77500089AB16 /* FruitHeaderView.swift */ = {isa = PBXFileReference; lastKnownFileType = sourcecode.swift; path = FruitHeaderView.swift; sourceTree = "<group>"; };
		0583FF66290C79BB0089AB16 /* SourceLinkView.swift */ = {isa = PBXFileReference; lastKnownFileType = sourcecode.swift; path = SourceLinkView.swift; sourceTree = "<group>"; };
		05B04A29290D142900DB59AF /* FruitNutrientsView.swift */ = {isa = PBXFileReference; lastKnownFileType = sourcecode.swift; path = FruitNutrientsView.swift; sourceTree = "<group>"; };
		05B04A2B290D184200DB59AF /* SettingView.swift */ = {isa = PBXFileReference; lastKnownFileType = sourcecode.swift; path = SettingView.swift; sourceTree = "<group>"; };
		05B04A2D290D42E500DB59AF /* SettingsLabelView.swift */ = {isa = PBXFileReference; lastKnownFileType = sourcecode.swift; path = SettingsLabelView.swift; sourceTree = "<group>"; };
		05B04A2F290D495E00DB59AF /* SettingsViewRow.swift */ = {isa = PBXFileReference; lastKnownFileType = sourcecode.swift; path = SettingsViewRow.swift; sourceTree = "<group>"; };
/* End PBXFileReference section */

/* Begin PBXFrameworksBuildPhase section */
		0583FF3A290B236C0089AB16 /* Frameworks */ = {
			isa = PBXFrameworksBuildPhase;
			buildActionMask = 2147483647;
			files = (
			);
			runOnlyForDeploymentPostprocessing = 0;
		};
/* End PBXFrameworksBuildPhase section */

/* Begin PBXGroup section */
		0583FF34290B236C0089AB16 = {
			isa = PBXGroup;
			children = (
				0583FF3F290B236C0089AB16 /* Fructus */,
				0583FF3E290B236C0089AB16 /* Products */,
			);
			sourceTree = "<group>";
		};
		0583FF3E290B236C0089AB16 /* Products */ = {
			isa = PBXGroup;
			children = (
				0583FF3D290B236C0089AB16 /* Fructus.app */,
			);
			name = Products;
			sourceTree = "<group>";
		};
		0583FF3F290B236C0089AB16 /* Fructus */ = {
			isa = PBXGroup;
			children = (
				0583FF5B290C462D0089AB16 /* Data */,
				0583FF58290C45340089AB16 /* Model */,
				0583FF4F290BDEF80089AB16 /* View */,
				0583FF4E290BDEC10089AB16 /* App */,
				0583FF44290B236E0089AB16 /* Assets.xcassets */,
				0583FF46290B236E0089AB16 /* Preview Content */,
			);
			path = Fructus;
			sourceTree = "<group>";
		};
		0583FF46290B236E0089AB16 /* Preview Content */ = {
			isa = PBXGroup;
			children = (
				0583FF47290B236E0089AB16 /* Preview Assets.xcassets */,
			);
			path = "Preview Content";
			sourceTree = "<group>";
		};
		0583FF4E290BDEC10089AB16 /* App */ = {
			isa = PBXGroup;
			children = (
				0583FF5E290C5CDE0089AB16 /* ContentView.swift */,
				0583FF40290B236C0089AB16 /* FructusApp.swift */,
				0583FF56290BE9BD0089AB16 /* OnboardingView.swift */,
				0583FF62290C73FB0089AB16 /* FruitDetailView.swift */,
				05B04A2B290D184200DB59AF /* SettingView.swift */,
			);
			path = App;
			sourceTree = "<group>";
		};
		0583FF4F290BDEF80089AB16 /* View */ = {
			isa = PBXGroup;
			children = (
				0583FF52290BE0950089AB16 /* FruitCardView.swift */,
				0583FF54290BE6410089AB16 /* StartButtonView.swift */,
				0583FF60290C60840089AB16 /* FruitRowView.swift */,
				0583FF64290C77500089AB16 /* FruitHeaderView.swift */,
				0583FF66290C79BB0089AB16 /* SourceLinkView.swift */,
				05B04A29290D142900DB59AF /* FruitNutrientsView.swift */,
				05B04A2D290D42E500DB59AF /* SettingsLabelView.swift */,
				05B04A2F290D495E00DB59AF /* SettingsViewRow.swift */,
			);
			path = View;
			sourceTree = "<group>";
		};
		0583FF58290C45340089AB16 /* Model */ = {
			isa = PBXGroup;
			children = (
				0583FF59290C45470089AB16 /* FruitModel.swift */,
			);
			path = Model;
			sourceTree = "<group>";
		};
		0583FF5B290C462D0089AB16 /* Data */ = {
			isa = PBXGroup;
			children = (
				0583FF5C290C46440089AB16 /* FruitData.swift */,
			);
			path = Data;
			sourceTree = "<group>";
		};
/* End PBXGroup section */

/* Begin PBXNativeTarget section */
		0583FF3C290B236C0089AB16 /* Fructus */ = {
			isa = PBXNativeTarget;
			buildConfigurationList = 0583FF4B290B236E0089AB16 /* Build configuration list for PBXNativeTarget "Fructus" */;
			buildPhases = (
				0583FF39290B236C0089AB16 /* Sources */,
				0583FF3A290B236C0089AB16 /* Frameworks */,
				0583FF3B290B236C0089AB16 /* Resources */,
			);
			buildRules = (
			);
			dependencies = (
			);
			name = Fructus;
			productName = Fructus;
			productReference = 0583FF3D290B236C0089AB16 /* Fructus.app */;
			productType = "com.apple.product-type.application";
		};
/* End PBXNativeTarget section */

/* Begin PBXProject section */
		0583FF35290B236C0089AB16 /* Project object */ = {
			isa = PBXProject;
			attributes = {
				BuildIndependentTargetsInParallel = 1;
				LastSwiftUpdateCheck = 1400;
				LastUpgradeCheck = 1400;
				TargetAttributes = {
					0583FF3C290B236C0089AB16 = {
						CreatedOnToolsVersion = 14.0.1;
					};
				};
			};
			buildConfigurationList = 0583FF38290B236C0089AB16 /* Build configuration list for PBXProject "Fructus" */;
			compatibilityVersion = "Xcode 14.0";
			developmentRegion = en;
			hasScannedForEncodings = 0;
			knownRegions = (
				en,
				Base,
			);
			mainGroup = 0583FF34290B236C0089AB16;
			productRefGroup = 0583FF3E290B236C0089AB16 /* Products */;
			projectDirPath = "";
			projectRoot = "";
			targets = (
				0583FF3C290B236C0089AB16 /* Fructus */,
			);
		};
/* End PBXProject section */

/* Begin PBXResourcesBuildPhase section */
		0583FF3B290B236C0089AB16 /* Resources */ = {
			isa = PBXResourcesBuildPhase;
			buildActionMask = 2147483647;
			files = (
				0583FF48290B236E0089AB16 /* Preview Assets.xcassets in Resources */,
				0583FF45290B236E0089AB16 /* Assets.xcassets in Resources */,
			);
			runOnlyForDeploymentPostprocessing = 0;
		};
/* End PBXResourcesBuildPhase section */

/* Begin PBXSourcesBuildPhase section */
		0583FF39290B236C0089AB16 /* Sources */ = {
			isa = PBXSourcesBuildPhase;
			buildActionMask = 2147483647;
			files = (
				0583FF5D290C46440089AB16 /* FruitData.swift in Sources */,
				0583FF67290C79BB0089AB16 /* SourceLinkView.swift in Sources */,
				0583FF53290BE0950089AB16 /* FruitCardView.swift in Sources */,
				0583FF61290C60840089AB16 /* FruitRowView.swift in Sources */,
				05B04A2A290D142900DB59AF /* FruitNutrientsView.swift in Sources */,
				0583FF5F290C5CDE0089AB16 /* ContentView.swift in Sources */,
				0583FF63290C73FB0089AB16 /* FruitDetailView.swift in Sources */,
				0583FF55290BE6410089AB16 /* StartButtonView.swift in Sources */,
				05B04A2C290D184300DB59AF /* SettingView.swift in Sources */,
				0583FF65290C77500089AB16 /* FruitHeaderView.swift in Sources */,
				05B04A2E290D42E500DB59AF /* SettingsLabelView.swift in Sources */,
				0583FF57290BE9BD0089AB16 /* OnboardingView.swift in Sources */,
				0583FF5A290C45470089AB16 /* FruitModel.swift in Sources */,
				05B04A30290D495E00DB59AF /* SettingsViewRow.swift in Sources */,
				0583FF41290B236C0089AB16 /* FructusApp.swift in Sources */,
			);
			runOnlyForDeploymentPostprocessing = 0;
		};
/* End PBXSourcesBuildPhase section */

/* Begin XCBuildConfiguration section */
		0583FF49290B236E0089AB16 /* Debug */ = {
			isa = XCBuildConfiguration;
			buildSettings = {
				ALWAYS_SEARCH_USER_PATHS = NO;
				CLANG_ANALYZER_NONNULL = YES;
				CLANG_ANALYZER_NUMBER_OBJECT_CONVERSION = YES_AGGRESSIVE;
				CLANG_CXX_LANGUAGE_STANDARD = "gnu++20";
				CLANG_ENABLE_MODULES = YES;
				CLANG_ENABLE_OBJC_ARC = YES;
				CLANG_ENABLE_OBJC_WEAK = YES;
				CLANG_WARN_BLOCK_CAPTURE_AUTORELEASING = YES;
				CLANG_WARN_BOOL_CONVERSION = YES;
				CLANG_WARN_COMMA = YES;
				CLANG_WARN_CONSTANT_CONVERSION = YES;
				CLANG_WARN_DEPRECATED_OBJC_IMPLEMENTATIONS = YES;
				CLANG_WARN_DIRECT_OBJC_ISA_USAGE = YES_ERROR;
				CLANG_WARN_DOCUMENTATION_COMMENTS = YES;
				CLANG_WARN_EMPTY_BODY = YES;
				CLANG_WARN_ENUM_CONVERSION = YES;
				CLANG_WARN_INFINITE_RECURSION = YES;
				CLANG_WARN_INT_CONVERSION = YES;
				CLANG_WARN_NON_LITERAL_NULL_CONVERSION = YES;
				CLANG_WARN_OBJC_IMPLICIT_RETAIN_SELF = YES;
				CLANG_WARN_OBJC_LITERAL_CONVERSION = YES;
				CLANG_WARN_OBJC_ROOT_CLASS = YES_ERROR;
				CLANG_WARN_QUOTED_INCLUDE_IN_FRAMEWORK_HEADER = YES;
				CLANG_WARN_RANGE_LOOP_ANALYSIS = YES;
				CLANG_WARN_STRICT_PROTOTYPES = YES;
				CLANG_WARN_SUSPICIOUS_MOVE = YES;
				CLANG_WARN_UNGUARDED_AVAILABILITY = YES_AGGRESSIVE;
				CLANG_WARN_UNREACHABLE_CODE = YES;
				CLANG_WARN__DUPLICATE_METHOD_MATCH = YES;
				COPY_PHASE_STRIP = NO;
				DEBUG_INFORMATION_FORMAT = dwarf;
				ENABLE_STRICT_OBJC_MSGSEND = YES;
				ENABLE_TESTABILITY = YES;
				GCC_C_LANGUAGE_STANDARD = gnu11;
				GCC_DYNAMIC_NO_PIC = NO;
				GCC_NO_COMMON_BLOCKS = YES;
				GCC_OPTIMIZATION_LEVEL = 0;
				GCC_PREPROCESSOR_DEFINITIONS = (
					"DEBUG=1",
					"$(inherited)",
				);
				GCC_WARN_64_TO_32_BIT_CONVERSION = YES;
				GCC_WARN_ABOUT_RETURN_TYPE = YES_ERROR;
				GCC_WARN_UNDECLARED_SELECTOR = YES;
				GCC_WARN_UNINITIALIZED_AUTOS = YES_AGGRESSIVE;
				GCC_WARN_UNUSED_FUNCTION = YES;
				GCC_WARN_UNUSED_VARIABLE = YES;
				IPHONEOS_DEPLOYMENT_TARGET = 16.0;
				MTL_ENABLE_DEBUG_INFO = INCLUDE_SOURCE;
				MTL_FAST_MATH = YES;
				ONLY_ACTIVE_ARCH = YES;
				SDKROOT = iphoneos;
				SWIFT_ACTIVE_COMPILATION_CONDITIONS = DEBUG;
				SWIFT_OPTIMIZATION_LEVEL = "-Onone";
			};
			name = Debug;
		};
		0583FF4A290B236E0089AB16 /* Release */ = {
			isa = XCBuildConfiguration;
			buildSettings = {
				ALWAYS_SEARCH_USER_PATHS = NO;
				CLANG_ANALYZER_NONNULL = YES;
				CLANG_ANALYZER_NUMBER_OBJECT_CONVERSION = YES_AGGRESSIVE;
				CLANG_CXX_LANGUAGE_STANDARD = "gnu++20";
				CLANG_ENABLE_MODULES = YES;
				CLANG_ENABLE_OBJC_ARC = YES;
				CLANG_ENABLE_OBJC_WEAK = YES;
				CLANG_WARN_BLOCK_CAPTURE_AUTORELEASING = YES;
				CLANG_WARN_BOOL_CONVERSION = YES;
				CLANG_WARN_COMMA = YES;
				CLANG_WARN_CONSTANT_CONVERSION = YES;
				CLANG_WARN_DEPRECATED_OBJC_IMPLEMENTATIONS = YES;
				CLANG_WARN_DIRECT_OBJC_ISA_USAGE = YES_ERROR;
				CLANG_WARN_DOCUMENTATION_COMMENTS = YES;
				CLANG_WARN_EMPTY_BODY = YES;
				CLANG_WARN_ENUM_CONVERSION = YES;
				CLANG_WARN_INFINITE_RECURSION = YES;
				CLANG_WARN_INT_CONVERSION = YES;
				CLANG_WARN_NON_LITERAL_NULL_CONVERSION = YES;
				CLANG_WARN_OBJC_IMPLICIT_RETAIN_SELF = YES;
				CLANG_WARN_OBJC_LITERAL_CONVERSION = YES;
				CLANG_WARN_OBJC_ROOT_CLASS = YES_ERROR;
				CLANG_WARN_QUOTED_INCLUDE_IN_FRAMEWORK_HEADER = YES;
				CLANG_WARN_RANGE_LOOP_ANALYSIS = YES;
				CLANG_WARN_STRICT_PROTOTYPES = YES;
				CLANG_WARN_SUSPICIOUS_MOVE = YES;
				CLANG_WARN_UNGUARDED_AVAILABILITY = YES_AGGRESSIVE;
				CLANG_WARN_UNREACHABLE_CODE = YES;
				CLANG_WARN__DUPLICATE_METHOD_MATCH = YES;
				COPY_PHASE_STRIP = NO;
				DEBUG_INFORMATION_FORMAT = "dwarf-with-dsym";
				ENABLE_NS_ASSERTIONS = NO;
				ENABLE_STRICT_OBJC_MSGSEND = YES;
				GCC_C_LANGUAGE_STANDARD = gnu11;
				GCC_NO_COMMON_BLOCKS = YES;
				GCC_WARN_64_TO_32_BIT_CONVERSION = YES;
				GCC_WARN_ABOUT_RETURN_TYPE = YES_ERROR;
				GCC_WARN_UNDECLARED_SELECTOR = YES;
				GCC_WARN_UNINITIALIZED_AUTOS = YES_AGGRESSIVE;
				GCC_WARN_UNUSED_FUNCTION = YES;
				GCC_WARN_UNUSED_VARIABLE = YES;
				IPHONEOS_DEPLOYMENT_TARGET = 16.0;
				MTL_ENABLE_DEBUG_INFO = NO;
				MTL_FAST_MATH = YES;
				SDKROOT = iphoneos;
				SWIFT_COMPILATION_MODE = wholemodule;
				SWIFT_OPTIMIZATION_LEVEL = "-O";
				VALIDATE_PRODUCT = YES;
			};
			name = Release;
		};
		0583FF4C290B236E0089AB16 /* Debug */ = {
			isa = XCBuildConfiguration;
			buildSettings = {
				ASSETCATALOG_COMPILER_APPICON_NAME = AppIcon;
				ASSETCATALOG_COMPILER_GLOBAL_ACCENT_COLOR_NAME = AccentColor;
				CODE_SIGN_STYLE = Automatic;
				CURRENT_PROJECT_VERSION = 1;
				DEVELOPMENT_ASSET_PATHS = "\"Fructus/Preview Content\"";
				ENABLE_PREVIEWS = YES;
				GENERATE_INFOPLIST_FILE = YES;
				INFOPLIST_KEY_UIApplicationSceneManifest_Generation = YES;
				INFOPLIST_KEY_UIApplicationSupportsIndirectInputEvents = YES;
				INFOPLIST_KEY_UILaunchScreen_Generation = YES;
				INFOPLIST_KEY_UISupportedInterfaceOrientations = UIInterfaceOrientationPortrait;
				INFOPLIST_KEY_UISupportedInterfaceOrientations_iPad = "UIInterfaceOrientationLandscapeLeft UIInterfaceOrientationLandscapeRight UIInterfaceOrientationPortrait UIInterfaceOrientationPortraitUpsideDown";
				INFOPLIST_KEY_UISupportedInterfaceOrientations_iPhone = UIInterfaceOrientationPortrait;
				IPHONEOS_DEPLOYMENT_TARGET = 14.0;
				LD_RUNPATH_SEARCH_PATHS = (
					"$(inherited)",
					"@executable_path/Frameworks",
				);
				MARKETING_VERSION = 1.0;
				PRODUCT_BUNDLE_IDENTIFIER = aarhip.com.Fructus;
				PRODUCT_NAME = "$(TARGET_NAME)";
				SWIFT_EMIT_LOC_STRINGS = YES;
				SWIFT_VERSION = 5.0;
				TARGETED_DEVICE_FAMILY = "1,2";
			};
			name = Debug;
		};
		0583FF4D290B236E0089AB16 /* Release */ = {
			isa = XCBuildConfiguration;
			buildSettings = {
				ASSETCATALOG_COMPILER_APPICON_NAME = AppIcon;
				ASSETCATALOG_COMPILER_GLOBAL_ACCENT_COLOR_NAME = AccentColor;
				CODE_SIGN_STYLE = Automatic;
				CURRENT_PROJECT_VERSION = 1;
				DEVELOPMENT_ASSET_PATHS = "\"Fructus/Preview Content\"";
				ENABLE_PREVIEWS = YES;
				GENERATE_INFOPLIST_FILE = YES;
				INFOPLIST_KEY_UIApplicationSceneManifest_Generation = YES;
				INFOPLIST_KEY_UIApplicationSupportsIndirectInputEvents = YES;
				INFOPLIST_KEY_UILaunchScreen_Generation = YES;
				INFOPLIST_KEY_UISupportedInterfaceOrientations = UIInterfaceOrientationPortrait;
				INFOPLIST_KEY_UISupportedInterfaceOrientations_iPad = "UIInterfaceOrientationLandscapeLeft UIInterfaceOrientationLandscapeRight UIInterfaceOrientationPortrait UIInterfaceOrientationPortraitUpsideDown";
				INFOPLIST_KEY_UISupportedInterfaceOrientations_iPhone = UIInterfaceOrientationPortrait;
				IPHONEOS_DEPLOYMENT_TARGET = 14.0;
				LD_RUNPATH_SEARCH_PATHS = (
					"$(inherited)",
					"@executable_path/Frameworks",
				);
				MARKETING_VERSION = 1.0;
				PRODUCT_BUNDLE_IDENTIFIER = aarhip.com.Fructus;
				PRODUCT_NAME = "$(TARGET_NAME)";
				SWIFT_EMIT_LOC_STRINGS = YES;
				SWIFT_VERSION = 5.0;
				TARGETED_DEVICE_FAMILY = "1,2";
			};
			name = Release;
		};
/* End XCBuildConfiguration section */

/* Begin XCConfigurationList section */
		0583FF38290B236C0089AB16 /* Build configuration list for PBXProject "Fructus" */ = {
			isa = XCConfigurationList;
			buildConfigurations = (
				0583FF49290B236E0089AB16 /* Debug */,
				0583FF4A290B236E0089AB16 /* Release */,
			);
			defaultConfigurationIsVisible = 0;
			defaultConfigurationName = Release;
		};
		0583FF4B290B236E0089AB16 /* Build configuration list for PBXNativeTarget "Fructus" */ = {
			isa = XCConfigurationList;
			buildConfigurations = (
				0583FF4C290B236E0089AB16 /* Debug */,
				0583FF4D290B236E0089AB16 /* Release */,
			);
			defaultConfigurationIsVisible = 0;
			defaultConfigurationName = Release;
		};
/* End XCConfigurationList section */
	};
	rootObject = 0583FF35290B236C0089AB16 /* Project object */;
}
