// !$*UTF8*$!
{
	archiveVersion = 1;
	classes = {
	};
	objectVersion = 56;
	objects = {

/* Begin PBXBuildFile section */
		056D8D38291C4EAC002F1FED /* VideoModel.swift in Sources */ = {isa = PBXBuildFile; fileRef = 056D8D37291C4EAC002F1FED /* VideoModel.swift */; };
		056D8D3A291C4F01002F1FED /* VideoListItemView.swift in Sources */ = {isa = PBXBuildFile; fileRef = 056D8D39291C4F01002F1FED /* VideoListItemView.swift */; };
		05B04A3E290D5FBC00DB59AF /* AfricaApp.swift in Sources */ = {isa = PBXBuildFile; fileRef = 05B04A3D290D5FBC00DB59AF /* AfricaApp.swift */; };
		05B04A40290D5FBC00DB59AF /* ContentView.swift in Sources */ = {isa = PBXBuildFile; fileRef = 05B04A3F290D5FBC00DB59AF /* ContentView.swift */; };
		05B04A42290D5FBE00DB59AF /* Assets.xcassets in Resources */ = {isa = PBXBuildFile; fileRef = 05B04A41290D5FBE00DB59AF /* Assets.xcassets */; };
		05B04A45290D5FBE00DB59AF /* Preview Assets.xcassets in Resources */ = {isa = PBXBuildFile; fileRef = 05B04A44290D5FBE00DB59AF /* Preview Assets.xcassets */; };
		05B04A5B290D61D300DB59AF /* animals.json in Resources */ = {isa = PBXBuildFile; fileRef = 05B04A57290D61D100DB59AF /* animals.json */; };
		05B04A5C290D61D300DB59AF /* locations.json in Resources */ = {isa = PBXBuildFile; fileRef = 05B04A58290D61D100DB59AF /* locations.json */; };
		05B04A5D290D61D300DB59AF /* videos.json in Resources */ = {isa = PBXBuildFile; fileRef = 05B04A59290D61D200DB59AF /* videos.json */; };
		05B04A5E290D61D400DB59AF /* covers.json in Resources */ = {isa = PBXBuildFile; fileRef = 05B04A5A290D61D300DB59AF /* covers.json */; };
		05B04A62290D640500DB59AF /* VideoListView.swift in Sources */ = {isa = PBXBuildFile; fileRef = 05B04A61290D640500DB59AF /* VideoListView.swift */; };
		05B04A64290D644C00DB59AF /* MapView.swift in Sources */ = {isa = PBXBuildFile; fileRef = 05B04A63290D644C00DB59AF /* MapView.swift */; };
		05B04A66290D645C00DB59AF /* GalleryView.swift in Sources */ = {isa = PBXBuildFile; fileRef = 05B04A65290D645C00DB59AF /* GalleryView.swift */; };
		05B04A68290D647D00DB59AF /* MainView.swift in Sources */ = {isa = PBXBuildFile; fileRef = 05B04A67290D647D00DB59AF /* MainView.swift */; };
		05B04A6B290D739800DB59AF /* CoverImageView.swift in Sources */ = {isa = PBXBuildFile; fileRef = 05B04A6A290D739800DB59AF /* CoverImageView.swift */; };
		05B04A6E290D75C500DB59AF /* CoverImageModel.swift in Sources */ = {isa = PBXBuildFile; fileRef = 05B04A6D290D75C500DB59AF /* CoverImageModel.swift */; };
		05B04A71290D76E500DB59AF /* CodableBundleExtension.swift in Sources */ = {isa = PBXBuildFile; fileRef = 05B04A70290D76E500DB59AF /* CodableBundleExtension.swift */; };
		05B04A73290D8E7900DB59AF /* AnimalListItemView.swift in Sources */ = {isa = PBXBuildFile; fileRef = 05B04A72290D8E7900DB59AF /* AnimalListItemView.swift */; };
		05B04A75290D90BE00DB59AF /* AnimalModel.swift in Sources */ = {isa = PBXBuildFile; fileRef = 05B04A74290D90BE00DB59AF /* AnimalModel.swift */; };
		05B04A77290D960200DB59AF /* AnimalDetailView.swift in Sources */ = {isa = PBXBuildFile; fileRef = 05B04A76290D960200DB59AF /* AnimalDetailView.swift */; };
		05B04A79290D9C0000DB59AF /* HeadingView.swift in Sources */ = {isa = PBXBuildFile; fileRef = 05B04A78290D9C0000DB59AF /* HeadingView.swift */; };
		05B04A7B290D9E5800DB59AF /* InsetGalleryView.swift in Sources */ = {isa = PBXBuildFile; fileRef = 05B04A7A290D9E5800DB59AF /* InsetGalleryView.swift */; };
		05B04A7D290DA3B600DB59AF /* InsetFactView.swift in Sources */ = {isa = PBXBuildFile; fileRef = 05B04A7C290DA3B600DB59AF /* InsetFactView.swift */; };
		05B04A7F290DA76E00DB59AF /* InsetMapView.swift in Sources */ = {isa = PBXBuildFile; fileRef = 05B04A7E290DA76E00DB59AF /* InsetMapView.swift */; };
		05B04A81290DABD700DB59AF /* ExternalLinkView.swift in Sources */ = {isa = PBXBuildFile; fileRef = 05B04A80290DABD700DB59AF /* ExternalLinkView.swift */; };
		05B3745F291CE7E70030ED77 /* VideoPlayerView.swift in Sources */ = {isa = PBXBuildFile; fileRef = 05B3745E291CE7E70030ED77 /* VideoPlayerView.swift */; };
		05B37462291CE8F40030ED77 /* VideoPlayerHelper.swift in Sources */ = {isa = PBXBuildFile; fileRef = 05B37461291CE8F40030ED77 /* VideoPlayerHelper.swift */; };
		05B37463291D01870030ED77 /* cheetah.mp4 in Resources */ = {isa = PBXBuildFile; fileRef = 05B04A53290D615600DB59AF /* cheetah.mp4 */; };
		05B37464291D01870030ED77 /* elephant.mp4 in Resources */ = {isa = PBXBuildFile; fileRef = 05B04A50290D615200DB59AF /* elephant.mp4 */; };
		05B37465291D01870030ED77 /* giraffe.mp4 in Resources */ = {isa = PBXBuildFile; fileRef = 05B04A4F290D615000DB59AF /* giraffe.mp4 */; };
		05B37466291D01870030ED77 /* gorilla.mp4 in Resources */ = {isa = PBXBuildFile; fileRef = 05B04A4E290D614F00DB59AF /* gorilla.mp4 */; };
		05B37467291D01870030ED77 /* hippo.mp4 in Resources */ = {isa = PBXBuildFile; fileRef = 05B04A51290D615300DB59AF /* hippo.mp4 */; };
		05B37468291D01870030ED77 /* lion.mp4 in Resources */ = {isa = PBXBuildFile; fileRef = 05B04A55290D615900DB59AF /* lion.mp4 */; };
		05B37469291D01870030ED77 /* lioness.mp4 in Resources */ = {isa = PBXBuildFile; fileRef = 05B04A4D290D614D00DB59AF /* lioness.mp4 */; };
		05B3746A291D01870030ED77 /* ostrich.mp4 in Resources */ = {isa = PBXBuildFile; fileRef = 05B04A4C290D614C00DB59AF /* ostrich.mp4 */; };
		05B3746B291D01870030ED77 /* rhino.mp4 in Resources */ = {isa = PBXBuildFile; fileRef = 05B04A52290D615400DB59AF /* rhino.mp4 */; };
		05B3746C291D01870030ED77 /* zebra.mp4 in Resources */ = {isa = PBXBuildFile; fileRef = 05B04A54290D615800DB59AF /* zebra.mp4 */; };
		05B3746E291D1E670030ED77 /* LocationModel.swift in Sources */ = {isa = PBXBuildFile; fileRef = 05B3746D291D1E670030ED77 /* LocationModel.swift */; };
		05B37472291E37A10030ED77 /* MapAnnotationView.swift in Sources */ = {isa = PBXBuildFile; fileRef = 05B37471291E37A10030ED77 /* MapAnnotationView.swift */; };
		05B37474291E3FC30030ED77 /* MotionAnimationView.swift in Sources */ = {isa = PBXBuildFile; fileRef = 05B37473291E3FC30030ED77 /* MotionAnimationView.swift */; };
		05B37476291E51D40030ED77 /* AnimalGridItemView.swift in Sources */ = {isa = PBXBuildFile; fileRef = 05B37475291E51D40030ED77 /* AnimalGridItemView.swift */; };
		05B3747C291E60E60030ED77 /* Stickers.xcassets in Resources */ = {isa = PBXBuildFile; fileRef = 05B3747B291E60E60030ED77 /* Stickers.xcassets */; };
		05B37481291E60E60030ED77 /* Stickers.appex in Embed Foundation Extensions */ = {isa = PBXBuildFile; fileRef = 05B37479291E60E40030ED77 /* Stickers.appex */; platformFilter = ios; settings = {ATTRIBUTES = (RemoveHeadersOnCopy, ); }; };
		05B37486291E65440030ED77 /* CreditsView.swift in Sources */ = {isa = PBXBuildFile; fileRef = 05B37485291E65440030ED77 /* CreditsView.swift */; };
		05B37489291E66D50030ED77 /* CenterModifier.swift in Sources */ = {isa = PBXBuildFile; fileRef = 05B37488291E66D50030ED77 /* CenterModifier.swift */; };
/* End PBXBuildFile section */

/* Begin PBXContainerItemProxy section */
		05B3747E291E60E60030ED77 /* PBXContainerItemProxy */ = {
			isa = PBXContainerItemProxy;
			containerPortal = 05B04A32290D5FBC00DB59AF /* Project object */;
			proxyType = 1;
			remoteGlobalIDString = 05B37478291E60E40030ED77;
			remoteInfo = Stickers;
		};
/* End PBXContainerItemProxy section */

/* Begin PBXCopyFilesBuildPhase section */
		05B37480291E60E60030ED77 /* Embed Foundation Extensions */ = {
			isa = PBXCopyFilesBuildPhase;
			buildActionMask = 2147483647;
			dstPath = "";
			dstSubfolderSpec = 13;
			files = (
				05B37481291E60E60030ED77 /* Stickers.appex in Embed Foundation Extensions */,
			);
			name = "Embed Foundation Extensions";
			runOnlyForDeploymentPostprocessing = 0;
		};
/* End PBXCopyFilesBuildPhase section */

/* Begin PBXFileReference section */
		056D8D37291C4EAC002F1FED /* VideoModel.swift */ = {isa = PBXFileReference; lastKnownFileType = sourcecode.swift; path = VideoModel.swift; sourceTree = "<group>"; };
		056D8D39291C4F01002F1FED /* VideoListItemView.swift */ = {isa = PBXFileReference; lastKnownFileType = sourcecode.swift; path = VideoListItemView.swift; sourceTree = "<group>"; };
		05B04A3A290D5FBC00DB59AF /* Africa.app */ = {isa = PBXFileReference; explicitFileType = wrapper.application; includeInIndex = 0; path = Africa.app; sourceTree = BUILT_PRODUCTS_DIR; };
		05B04A3D290D5FBC00DB59AF /* AfricaApp.swift */ = {isa = PBXFileReference; lastKnownFileType = sourcecode.swift; path = AfricaApp.swift; sourceTree = "<group>"; };
		05B04A3F290D5FBC00DB59AF /* ContentView.swift */ = {isa = PBXFileReference; lastKnownFileType = sourcecode.swift; path = ContentView.swift; sourceTree = "<group>"; };
		05B04A41290D5FBE00DB59AF /* Assets.xcassets */ = {isa = PBXFileReference; lastKnownFileType = folder.assetcatalog; path = Assets.xcassets; sourceTree = "<group>"; };
		05B04A44290D5FBE00DB59AF /* Preview Assets.xcassets */ = {isa = PBXFileReference; lastKnownFileType = folder.assetcatalog; path = "Preview Assets.xcassets"; sourceTree = "<group>"; };
		05B04A4C290D614C00DB59AF /* ostrich.mp4 */ = {isa = PBXFileReference; lastKnownFileType = file; path = ostrich.mp4; sourceTree = "<group>"; };
		05B04A4D290D614D00DB59AF /* lioness.mp4 */ = {isa = PBXFileReference; lastKnownFileType = file; path = lioness.mp4; sourceTree = "<group>"; };
		05B04A4E290D614F00DB59AF /* gorilla.mp4 */ = {isa = PBXFileReference; lastKnownFileType = file; path = gorilla.mp4; sourceTree = "<group>"; };
		05B04A4F290D615000DB59AF /* giraffe.mp4 */ = {isa = PBXFileReference; lastKnownFileType = file; path = giraffe.mp4; sourceTree = "<group>"; };
		05B04A50290D615200DB59AF /* elephant.mp4 */ = {isa = PBXFileReference; lastKnownFileType = file; path = elephant.mp4; sourceTree = "<group>"; };
		05B04A51290D615300DB59AF /* hippo.mp4 */ = {isa = PBXFileReference; lastKnownFileType = file; path = hippo.mp4; sourceTree = "<group>"; };
		05B04A52290D615400DB59AF /* rhino.mp4 */ = {isa = PBXFileReference; lastKnownFileType = file; path = rhino.mp4; sourceTree = "<group>"; };
		05B04A53290D615600DB59AF /* cheetah.mp4 */ = {isa = PBXFileReference; lastKnownFileType = file; path = cheetah.mp4; sourceTree = "<group>"; };
		05B04A54290D615800DB59AF /* zebra.mp4 */ = {isa = PBXFileReference; lastKnownFileType = file; path = zebra.mp4; sourceTree = "<group>"; };
		05B04A55290D615900DB59AF /* lion.mp4 */ = {isa = PBXFileReference; lastKnownFileType = file; path = lion.mp4; sourceTree = "<group>"; };
		05B04A57290D61D100DB59AF /* animals.json */ = {isa = PBXFileReference; fileEncoding = 4; lastKnownFileType = text.json; path = animals.json; sourceTree = "<group>"; };
		05B04A58290D61D100DB59AF /* locations.json */ = {isa = PBXFileReference; fileEncoding = 4; lastKnownFileType = text.json; path = locations.json; sourceTree = "<group>"; };
		05B04A59290D61D200DB59AF /* videos.json */ = {isa = PBXFileReference; fileEncoding = 4; lastKnownFileType = text.json; path = videos.json; sourceTree = "<group>"; };
		05B04A5A290D61D300DB59AF /* covers.json */ = {isa = PBXFileReference; fileEncoding = 4; lastKnownFileType = text.json; path = covers.json; sourceTree = "<group>"; };
		05B04A5F290D62B900DB59AF /* Info.plist */ = {isa = PBXFileReference; lastKnownFileType = text.plist; path = Info.plist; sourceTree = "<group>"; };
		05B04A61290D640500DB59AF /* VideoListView.swift */ = {isa = PBXFileReference; lastKnownFileType = sourcecode.swift; path = VideoListView.swift; sourceTree = "<group>"; };
		05B04A63290D644C00DB59AF /* MapView.swift */ = {isa = PBXFileReference; lastKnownFileType = sourcecode.swift; path = MapView.swift; sourceTree = "<group>"; };
		05B04A65290D645C00DB59AF /* GalleryView.swift */ = {isa = PBXFileReference; lastKnownFileType = sourcecode.swift; path = GalleryView.swift; sourceTree = "<group>"; };
		05B04A67290D647D00DB59AF /* MainView.swift */ = {isa = PBXFileReference; lastKnownFileType = sourcecode.swift; path = MainView.swift; sourceTree = "<group>"; };
		05B04A6A290D739800DB59AF /* CoverImageView.swift */ = {isa = PBXFileReference; lastKnownFileType = sourcecode.swift; path = CoverImageView.swift; sourceTree = "<group>"; };
		05B04A6D290D75C500DB59AF /* CoverImageModel.swift */ = {isa = PBXFileReference; lastKnownFileType = sourcecode.swift; path = CoverImageModel.swift; sourceTree = "<group>"; };
		05B04A70290D76E500DB59AF /* CodableBundleExtension.swift */ = {isa = PBXFileReference; lastKnownFileType = sourcecode.swift; path = CodableBundleExtension.swift; sourceTree = "<group>"; };
		05B04A72290D8E7900DB59AF /* AnimalListItemView.swift */ = {isa = PBXFileReference; lastKnownFileType = sourcecode.swift; path = AnimalListItemView.swift; sourceTree = "<group>"; };
		05B04A74290D90BE00DB59AF /* AnimalModel.swift */ = {isa = PBXFileReference; lastKnownFileType = sourcecode.swift; path = AnimalModel.swift; sourceTree = "<group>"; };
		05B04A76290D960200DB59AF /* AnimalDetailView.swift */ = {isa = PBXFileReference; lastKnownFileType = sourcecode.swift; path = AnimalDetailView.swift; sourceTree = "<group>"; };
		05B04A78290D9C0000DB59AF /* HeadingView.swift */ = {isa = PBXFileReference; lastKnownFileType = sourcecode.swift; path = HeadingView.swift; sourceTree = "<group>"; };
		05B04A7A290D9E5800DB59AF /* InsetGalleryView.swift */ = {isa = PBXFileReference; lastKnownFileType = sourcecode.swift; path = InsetGalleryView.swift; sourceTree = "<group>"; };
		05B04A7C290DA3B600DB59AF /* InsetFactView.swift */ = {isa = PBXFileReference; lastKnownFileType = sourcecode.swift; path = InsetFactView.swift; sourceTree = "<group>"; };
		05B04A7E290DA76E00DB59AF /* InsetMapView.swift */ = {isa = PBXFileReference; lastKnownFileType = sourcecode.swift; path = InsetMapView.swift; sourceTree = "<group>"; };
		05B04A80290DABD700DB59AF /* ExternalLinkView.swift */ = {isa = PBXFileReference; lastKnownFileType = sourcecode.swift; path = ExternalLinkView.swift; sourceTree = "<group>"; };
		05B3745E291CE7E70030ED77 /* VideoPlayerView.swift */ = {isa = PBXFileReference; lastKnownFileType = sourcecode.swift; path = VideoPlayerView.swift; sourceTree = "<group>"; };
		05B37461291CE8F40030ED77 /* VideoPlayerHelper.swift */ = {isa = PBXFileReference; lastKnownFileType = sourcecode.swift; path = VideoPlayerHelper.swift; sourceTree = "<group>"; };
		05B3746D291D1E670030ED77 /* LocationModel.swift */ = {isa = PBXFileReference; lastKnownFileType = sourcecode.swift; path = LocationModel.swift; sourceTree = "<group>"; };
		05B37471291E37A10030ED77 /* MapAnnotationView.swift */ = {isa = PBXFileReference; lastKnownFileType = sourcecode.swift; path = MapAnnotationView.swift; sourceTree = "<group>"; };
		05B37473291E3FC30030ED77 /* MotionAnimationView.swift */ = {isa = PBXFileReference; lastKnownFileType = sourcecode.swift; path = MotionAnimationView.swift; sourceTree = "<group>"; };
		05B37475291E51D40030ED77 /* AnimalGridItemView.swift */ = {isa = PBXFileReference; lastKnownFileType = sourcecode.swift; path = AnimalGridItemView.swift; sourceTree = "<group>"; };
		05B37479291E60E40030ED77 /* Stickers.appex */ = {isa = PBXFileReference; explicitFileType = "wrapper.app-extension"; includeInIndex = 0; path = Stickers.appex; sourceTree = BUILT_PRODUCTS_DIR; };
		05B3747B291E60E60030ED77 /* Stickers.xcassets */ = {isa = PBXFileReference; lastKnownFileType = folder.assetcatalog; path = Stickers.xcassets; sourceTree = "<group>"; };
		05B3747D291E60E60030ED77 /* Info.plist */ = {isa = PBXFileReference; lastKnownFileType = text.plist.xml; path = Info.plist; sourceTree = "<group>"; };
		05B37485291E65440030ED77 /* CreditsView.swift */ = {isa = PBXFileReference; lastKnownFileType = sourcecode.swift; path = CreditsView.swift; sourceTree = "<group>"; };
		05B37488291E66D50030ED77 /* CenterModifier.swift */ = {isa = PBXFileReference; lastKnownFileType = sourcecode.swift; path = CenterModifier.swift; sourceTree = "<group>"; };
		05B3748A291E67D80030ED77 /* Africa.entitlements */ = {isa = PBXFileReference; lastKnownFileType = text.plist.entitlements; path = Africa.entitlements; sourceTree = "<group>"; };
/* End PBXFileReference section */

/* Begin PBXFrameworksBuildPhase section */
		05B04A37290D5FBC00DB59AF /* Frameworks */ = {
			isa = PBXFrameworksBuildPhase;
			buildActionMask = 2147483647;
			files = (
			);
			runOnlyForDeploymentPostprocessing = 0;
		};
/* End PBXFrameworksBuildPhase section */

/* Begin PBXGroup section */
		05B04A31290D5FBC00DB59AF = {
			isa = PBXGroup;
			children = (
				05B04A3C290D5FBC00DB59AF /* Africa */,
				05B3747A291E60E40030ED77 /* Stickers */,
				05B04A3B290D5FBC00DB59AF /* Products */,
			);
			sourceTree = "<group>";
		};
		05B04A3B290D5FBC00DB59AF /* Products */ = {
			isa = PBXGroup;
			children = (
				05B04A3A290D5FBC00DB59AF /* Africa.app */,
				05B37479291E60E40030ED77 /* Stickers.appex */,
			);
			name = Products;
			sourceTree = "<group>";
		};
		05B04A3C290D5FBC00DB59AF /* Africa */ = {
			isa = PBXGroup;
			children = (
				05B3748A291E67D80030ED77 /* Africa.entitlements */,
				05B37487291E66B80030ED77 /* Modifier */,
				05B04A60290D63C100DB59AF /* App */,
				05B04A69290D738900DB59AF /* View */,
				05B04A6F290D76D300DB59AF /* Extension */,
				05B37460291CE8DA0030ED77 /* Helper */,
				05B04A6C290D75B100DB59AF /* Model */,
				05B04A56290D61BF00DB59AF /* Data */,
				05B04A4B290D613700DB59AF /* Video */,
				05B04A5F290D62B900DB59AF /* Info.plist */,
				05B04A41290D5FBE00DB59AF /* Assets.xcassets */,
				05B04A43290D5FBE00DB59AF /* Preview Content */,
			);
			path = Africa;
			sourceTree = "<group>";
		};
		05B04A43290D5FBE00DB59AF /* Preview Content */ = {
			isa = PBXGroup;
			children = (
				05B04A44290D5FBE00DB59AF /* Preview Assets.xcassets */,
			);
			path = "Preview Content";
			sourceTree = "<group>";
		};
		05B04A4B290D613700DB59AF /* Video */ = {
			isa = PBXGroup;
			children = (
				05B04A53290D615600DB59AF /* cheetah.mp4 */,
				05B04A50290D615200DB59AF /* elephant.mp4 */,
				05B04A4F290D615000DB59AF /* giraffe.mp4 */,
				05B04A4E290D614F00DB59AF /* gorilla.mp4 */,
				05B04A51290D615300DB59AF /* hippo.mp4 */,
				05B04A55290D615900DB59AF /* lion.mp4 */,
				05B04A4D290D614D00DB59AF /* lioness.mp4 */,
				05B04A4C290D614C00DB59AF /* ostrich.mp4 */,
				05B04A52290D615400DB59AF /* rhino.mp4 */,
				05B04A54290D615800DB59AF /* zebra.mp4 */,
			);
			path = Video;
			sourceTree = "<group>";
		};
		05B04A56290D61BF00DB59AF /* Data */ = {
			isa = PBXGroup;
			children = (
				05B04A57290D61D100DB59AF /* animals.json */,
				05B04A5A290D61D300DB59AF /* covers.json */,
				05B04A58290D61D100DB59AF /* locations.json */,
				05B04A59290D61D200DB59AF /* videos.json */,
			);
			path = Data;
			sourceTree = "<group>";
		};
		05B04A60290D63C100DB59AF /* App */ = {
			isa = PBXGroup;
			children = (
				05B04A3D290D5FBC00DB59AF /* AfricaApp.swift */,
				05B04A3F290D5FBC00DB59AF /* ContentView.swift */,
				05B04A61290D640500DB59AF /* VideoListView.swift */,
				05B04A63290D644C00DB59AF /* MapView.swift */,
				05B04A65290D645C00DB59AF /* GalleryView.swift */,
				05B04A67290D647D00DB59AF /* MainView.swift */,
			);
			path = App;
			sourceTree = "<group>";
		};
		05B04A69290D738900DB59AF /* View */ = {
			isa = PBXGroup;
			children = (
				05B04A6A290D739800DB59AF /* CoverImageView.swift */,
				05B04A72290D8E7900DB59AF /* AnimalListItemView.swift */,
				05B04A76290D960200DB59AF /* AnimalDetailView.swift */,
				05B04A78290D9C0000DB59AF /* HeadingView.swift */,
				05B04A7A290D9E5800DB59AF /* InsetGalleryView.swift */,
				05B04A7C290DA3B600DB59AF /* InsetFactView.swift */,
				05B04A7E290DA76E00DB59AF /* InsetMapView.swift */,
				05B04A80290DABD700DB59AF /* ExternalLinkView.swift */,
				056D8D39291C4F01002F1FED /* VideoListItemView.swift */,
				05B3745E291CE7E70030ED77 /* VideoPlayerView.swift */,
				05B37471291E37A10030ED77 /* MapAnnotationView.swift */,
				05B37473291E3FC30030ED77 /* MotionAnimationView.swift */,
				05B37475291E51D40030ED77 /* AnimalGridItemView.swift */,
				05B37485291E65440030ED77 /* CreditsView.swift */,
			);
			path = View;
			sourceTree = "<group>";
		};
		05B04A6C290D75B100DB59AF /* Model */ = {
			isa = PBXGroup;
			children = (
				05B04A6D290D75C500DB59AF /* CoverImageModel.swift */,
				05B04A74290D90BE00DB59AF /* AnimalModel.swift */,
				056D8D37291C4EAC002F1FED /* VideoModel.swift */,
				05B3746D291D1E670030ED77 /* LocationModel.swift */,
			);
			path = Model;
			sourceTree = "<group>";
		};
		05B04A6F290D76D300DB59AF /* Extension */ = {
			isa = PBXGroup;
			children = (
				05B04A70290D76E500DB59AF /* CodableBundleExtension.swift */,
			);
			path = Extension;
			sourceTree = "<group>";
		};
		05B37460291CE8DA0030ED77 /* Helper */ = {
			isa = PBXGroup;
			children = (
				05B37461291CE8F40030ED77 /* VideoPlayerHelper.swift */,
			);
			path = Helper;
			sourceTree = "<group>";
		};
		05B3747A291E60E40030ED77 /* Stickers */ = {
			isa = PBXGroup;
			children = (
				05B3747B291E60E60030ED77 /* Stickers.xcassets */,
				05B3747D291E60E60030ED77 /* Info.plist */,
			);
			path = Stickers;
			sourceTree = "<group>";
		};
		05B37487291E66B80030ED77 /* Modifier */ = {
			isa = PBXGroup;
			children = (
				05B37488291E66D50030ED77 /* CenterModifier.swift */,
			);
			path = Modifier;
			sourceTree = "<group>";
		};
/* End PBXGroup section */

/* Begin PBXNativeTarget section */
		05B04A39290D5FBC00DB59AF /* Africa */ = {
			isa = PBXNativeTarget;
			buildConfigurationList = 05B04A48290D5FBE00DB59AF /* Build configuration list for PBXNativeTarget "Africa" */;
			buildPhases = (
				05B04A36290D5FBC00DB59AF /* Sources */,
				05B04A37290D5FBC00DB59AF /* Frameworks */,
				05B04A38290D5FBC00DB59AF /* Resources */,
				05B37480291E60E60030ED77 /* Embed Foundation Extensions */,
			);
			buildRules = (
			);
			dependencies = (
				05B3747F291E60E60030ED77 /* PBXTargetDependency */,
			);
			name = Africa;
			productName = Africa;
			productReference = 05B04A3A290D5FBC00DB59AF /* Africa.app */;
			productType = "com.apple.product-type.application";
		};
		05B37478291E60E40030ED77 /* Stickers */ = {
			isa = PBXNativeTarget;
			buildConfigurationList = 05B37482291E60E60030ED77 /* Build configuration list for PBXNativeTarget "Stickers" */;
			buildPhases = (
				05B37477291E60E40030ED77 /* Resources */,
			);
			buildRules = (
			);
			dependencies = (
			);
			name = Stickers;
			productName = Stickers;
			productReference = 05B37479291E60E40030ED77 /* Stickers.appex */;
			productType = "com.apple.product-type.app-extension.messages-sticker-pack";
		};
/* End PBXNativeTarget section */

/* Begin PBXProject section */
		05B04A32290D5FBC00DB59AF /* Project object */ = {
			isa = PBXProject;
			attributes = {
				BuildIndependentTargetsInParallel = 1;
				LastSwiftUpdateCheck = 1400;
				LastUpgradeCheck = 1400;
				TargetAttributes = {
					05B04A39290D5FBC00DB59AF = {
						CreatedOnToolsVersion = 14.0.1;
					};
					05B37478291E60E40030ED77 = {
						CreatedOnToolsVersion = 14.1;
					};
				};
			};
			buildConfigurationList = 05B04A35290D5FBC00DB59AF /* Build configuration list for PBXProject "Africa" */;
			compatibilityVersion = "Xcode 14.0";
			developmentRegion = en;
			hasScannedForEncodings = 0;
			knownRegions = (
				en,
				Base,
			);
			mainGroup = 05B04A31290D5FBC00DB59AF;
			productRefGroup = 05B04A3B290D5FBC00DB59AF /* Products */;
			projectDirPath = "";
			projectRoot = "";
			targets = (
				05B04A39290D5FBC00DB59AF /* Africa */,
				05B37478291E60E40030ED77 /* Stickers */,
			);
		};
/* End PBXProject section */

/* Begin PBXResourcesBuildPhase section */
		05B04A38290D5FBC00DB59AF /* Resources */ = {
			isa = PBXResourcesBuildPhase;
			buildActionMask = 2147483647;
			files = (
				05B37463291D01870030ED77 /* cheetah.mp4 in Resources */,
				05B37464291D01870030ED77 /* elephant.mp4 in Resources */,
				05B37465291D01870030ED77 /* giraffe.mp4 in Resources */,
				05B37466291D01870030ED77 /* gorilla.mp4 in Resources */,
				05B37467291D01870030ED77 /* hippo.mp4 in Resources */,
				05B37468291D01870030ED77 /* lion.mp4 in Resources */,
				05B37469291D01870030ED77 /* lioness.mp4 in Resources */,
				05B3746A291D01870030ED77 /* ostrich.mp4 in Resources */,
				05B3746B291D01870030ED77 /* rhino.mp4 in Resources */,
				05B3746C291D01870030ED77 /* zebra.mp4 in Resources */,
				05B04A5B290D61D300DB59AF /* animals.json in Resources */,
				05B04A5E290D61D400DB59AF /* covers.json in Resources */,
				05B04A45290D5FBE00DB59AF /* Preview Assets.xcassets in Resources */,
				05B04A5D290D61D300DB59AF /* videos.json in Resources */,
				05B04A5C290D61D300DB59AF /* locations.json in Resources */,
				05B04A42290D5FBE00DB59AF /* Assets.xcassets in Resources */,
			);
			runOnlyForDeploymentPostprocessing = 0;
		};
		05B37477291E60E40030ED77 /* Resources */ = {
			isa = PBXResourcesBuildPhase;
			buildActionMask = 2147483647;
			files = (
				05B3747C291E60E60030ED77 /* Stickers.xcassets in Resources */,
			);
			runOnlyForDeploymentPostprocessing = 0;
		};
/* End PBXResourcesBuildPhase section */

/* Begin PBXSourcesBuildPhase section */
		05B04A36290D5FBC00DB59AF /* Sources */ = {
			isa = PBXSourcesBuildPhase;
			buildActionMask = 2147483647;
			files = (
				05B04A40290D5FBC00DB59AF /* ContentView.swift in Sources */,
				05B04A73290D8E7900DB59AF /* AnimalListItemView.swift in Sources */,
				05B04A64290D644C00DB59AF /* MapView.swift in Sources */,
				05B04A7D290DA3B600DB59AF /* InsetFactView.swift in Sources */,
				056D8D3A291C4F01002F1FED /* VideoListItemView.swift in Sources */,
				05B04A6B290D739800DB59AF /* CoverImageView.swift in Sources */,
				05B04A6E290D75C500DB59AF /* CoverImageModel.swift in Sources */,
				05B04A77290D960200DB59AF /* AnimalDetailView.swift in Sources */,
				05B04A75290D90BE00DB59AF /* AnimalModel.swift in Sources */,
				05B04A81290DABD700DB59AF /* ExternalLinkView.swift in Sources */,
				05B37462291CE8F40030ED77 /* VideoPlayerHelper.swift in Sources */,
				05B04A3E290D5FBC00DB59AF /* AfricaApp.swift in Sources */,
				056D8D38291C4EAC002F1FED /* VideoModel.swift in Sources */,
				05B37472291E37A10030ED77 /* MapAnnotationView.swift in Sources */,
				05B04A7F290DA76E00DB59AF /* InsetMapView.swift in Sources */,
				05B04A62290D640500DB59AF /* VideoListView.swift in Sources */,
				05B04A68290D647D00DB59AF /* MainView.swift in Sources */,
				05B3746E291D1E670030ED77 /* LocationModel.swift in Sources */,
				05B37476291E51D40030ED77 /* AnimalGridItemView.swift in Sources */,
				05B04A66290D645C00DB59AF /* GalleryView.swift in Sources */,
				05B04A7B290D9E5800DB59AF /* InsetGalleryView.swift in Sources */,
				05B37486291E65440030ED77 /* CreditsView.swift in Sources */,
				05B04A71290D76E500DB59AF /* CodableBundleExtension.swift in Sources */,
				05B37474291E3FC30030ED77 /* MotionAnimationView.swift in Sources */,
				05B37489291E66D50030ED77 /* CenterModifier.swift in Sources */,
				05B04A79290D9C0000DB59AF /* HeadingView.swift in Sources */,
				05B3745F291CE7E70030ED77 /* VideoPlayerView.swift in Sources */,
			);
			runOnlyForDeploymentPostprocessing = 0;
		};
/* End PBXSourcesBuildPhase section */

/* Begin PBXTargetDependency section */
		05B3747F291E60E60030ED77 /* PBXTargetDependency */ = {
			isa = PBXTargetDependency;
			platformFilter = ios;
			target = 05B37478291E60E40030ED77 /* Stickers */;
			targetProxy = 05B3747E291E60E60030ED77 /* PBXContainerItemProxy */;
		};
/* End PBXTargetDependency section */

/* Begin XCBuildConfiguration section */
		05B04A46290D5FBE00DB59AF /* Debug */ = {
			isa = XCBuildConfiguration;
			buildSettings = {
				ALWAYS_SEARCH_USER_PATHS = NO;
				CLANG_ANALYZER_NONNULL = YES;
				CLANG_ANALYZER_NUMBER_OBJECT_CONVERSION = YES_AGGRESSIVE;
				CLANG_CXX_LANGUAGE_STANDARD = "gnu++20";
				CLANG_ENABLE_MODULES = YES;
				CLANG_ENABLE_OBJC_ARC = YES;
				CLANG_ENABLE_OBJC_WEAK = YES;
				CLANG_WARN_BLOCK_CAPTURE_AUTORELEASING = YES;
				CLANG_WARN_BOOL_CONVERSION = YES;
				CLANG_WARN_COMMA = YES;
				CLANG_WARN_CONSTANT_CONVERSION = YES;
				CLANG_WARN_DEPRECATED_OBJC_IMPLEMENTATIONS = YES;
				CLANG_WARN_DIRECT_OBJC_ISA_USAGE = YES_ERROR;
				CLANG_WARN_DOCUMENTATION_COMMENTS = YES;
				CLANG_WARN_EMPTY_BODY = YES;
				CLANG_WARN_ENUM_CONVERSION = YES;
				CLANG_WARN_INFINITE_RECURSION = YES;
				CLANG_WARN_INT_CONVERSION = YES;
				CLANG_WARN_NON_LITERAL_NULL_CONVERSION = YES;
				CLANG_WARN_OBJC_IMPLICIT_RETAIN_SELF = YES;
				CLANG_WARN_OBJC_LITERAL_CONVERSION = YES;
				CLANG_WARN_OBJC_ROOT_CLASS = YES_ERROR;
				CLANG_WARN_QUOTED_INCLUDE_IN_FRAMEWORK_HEADER = YES;
				CLANG_WARN_RANGE_LOOP_ANALYSIS = YES;
				CLANG_WARN_STRICT_PROTOTYPES = YES;
				CLANG_WARN_SUSPICIOUS_MOVE = YES;
				CLANG_WARN_UNGUARDED_AVAILABILITY = YES_AGGRESSIVE;
				CLANG_WARN_UNREACHABLE_CODE = YES;
				CLANG_WARN__DUPLICATE_METHOD_MATCH = YES;
				COPY_PHASE_STRIP = NO;
				DEBUG_INFORMATION_FORMAT = dwarf;
				ENABLE_STRICT_OBJC_MSGSEND = YES;
				ENABLE_TESTABILITY = YES;
				GCC_C_LANGUAGE_STANDARD = gnu11;
				GCC_DYNAMIC_NO_PIC = NO;
				GCC_NO_COMMON_BLOCKS = YES;
				GCC_OPTIMIZATION_LEVEL = 0;
				GCC_PREPROCESSOR_DEFINITIONS = (
					"DEBUG=1",
					"$(inherited)",
				);
				GCC_WARN_64_TO_32_BIT_CONVERSION = YES;
				GCC_WARN_ABOUT_RETURN_TYPE = YES_ERROR;
				GCC_WARN_UNDECLARED_SELECTOR = YES;
				GCC_WARN_UNINITIALIZED_AUTOS = YES_AGGRESSIVE;
				GCC_WARN_UNUSED_FUNCTION = YES;
				GCC_WARN_UNUSED_VARIABLE = YES;
				IPHONEOS_DEPLOYMENT_TARGET = 16.0;
				MTL_ENABLE_DEBUG_INFO = INCLUDE_SOURCE;
				MTL_FAST_MATH = YES;
				ONLY_ACTIVE_ARCH = YES;
				SDKROOT = iphoneos;
				SWIFT_ACTIVE_COMPILATION_CONDITIONS = DEBUG;
				SWIFT_OPTIMIZATION_LEVEL = "-Onone";
			};
			name = Debug;
		};
		05B04A47290D5FBE00DB59AF /* Release */ = {
			isa = XCBuildConfiguration;
			buildSettings = {
				ALWAYS_SEARCH_USER_PATHS = NO;
				CLANG_ANALYZER_NONNULL = YES;
				CLANG_ANALYZER_NUMBER_OBJECT_CONVERSION = YES_AGGRESSIVE;
				CLANG_CXX_LANGUAGE_STANDARD = "gnu++20";
				CLANG_ENABLE_MODULES = YES;
				CLANG_ENABLE_OBJC_ARC = YES;
				CLANG_ENABLE_OBJC_WEAK = YES;
				CLANG_WARN_BLOCK_CAPTURE_AUTORELEASING = YES;
				CLANG_WARN_BOOL_CONVERSION = YES;
				CLANG_WARN_COMMA = YES;
				CLANG_WARN_CONSTANT_CONVERSION = YES;
				CLANG_WARN_DEPRECATED_OBJC_IMPLEMENTATIONS = YES;
				CLANG_WARN_DIRECT_OBJC_ISA_USAGE = YES_ERROR;
				CLANG_WARN_DOCUMENTATION_COMMENTS = YES;
				CLANG_WARN_EMPTY_BODY = YES;
				CLANG_WARN_ENUM_CONVERSION = YES;
				CLANG_WARN_INFINITE_RECURSION = YES;
				CLANG_WARN_INT_CONVERSION = YES;
				CLANG_WARN_NON_LITERAL_NULL_CONVERSION = YES;
				CLANG_WARN_OBJC_IMPLICIT_RETAIN_SELF = YES;
				CLANG_WARN_OBJC_LITERAL_CONVERSION = YES;
				CLANG_WARN_OBJC_ROOT_CLASS = YES_ERROR;
				CLANG_WARN_QUOTED_INCLUDE_IN_FRAMEWORK_HEADER = YES;
				CLANG_WARN_RANGE_LOOP_ANALYSIS = YES;
				CLANG_WARN_STRICT_PROTOTYPES = YES;
				CLANG_WARN_SUSPICIOUS_MOVE = YES;
				CLANG_WARN_UNGUARDED_AVAILABILITY = YES_AGGRESSIVE;
				CLANG_WARN_UNREACHABLE_CODE = YES;
				CLANG_WARN__DUPLICATE_METHOD_MATCH = YES;
				COPY_PHASE_STRIP = NO;
				DEBUG_INFORMATION_FORMAT = "dwarf-with-dsym";
				ENABLE_NS_ASSERTIONS = NO;
				ENABLE_STRICT_OBJC_MSGSEND = YES;
				GCC_C_LANGUAGE_STANDARD = gnu11;
				GCC_NO_COMMON_BLOCKS = YES;
				GCC_WARN_64_TO_32_BIT_CONVERSION = YES;
				GCC_WARN_ABOUT_RETURN_TYPE = YES_ERROR;
				GCC_WARN_UNDECLARED_SELECTOR = YES;
				GCC_WARN_UNINITIALIZED_AUTOS = YES_AGGRESSIVE;
				GCC_WARN_UNUSED_FUNCTION = YES;
				GCC_WARN_UNUSED_VARIABLE = YES;
				IPHONEOS_DEPLOYMENT_TARGET = 16.0;
				MTL_ENABLE_DEBUG_INFO = NO;
				MTL_FAST_MATH = YES;
				SDKROOT = iphoneos;
				SWIFT_COMPILATION_MODE = wholemodule;
				SWIFT_OPTIMIZATION_LEVEL = "-O";
				VALIDATE_PRODUCT = YES;
			};
			name = Release;
		};
		05B04A49290D5FBE00DB59AF /* Debug */ = {
			isa = XCBuildConfiguration;
			buildSettings = {
				ASSETCATALOG_COMPILER_APPICON_NAME = AppIcon;
				ASSETCATALOG_COMPILER_GLOBAL_ACCENT_COLOR_NAME = AccentColor;
				CODE_SIGN_ENTITLEMENTS = Africa/Africa.entitlements;
				CODE_SIGN_STYLE = Automatic;
				CURRENT_PROJECT_VERSION = 1;
				DEVELOPMENT_ASSET_PATHS = "\"Africa/Preview Content\"";
				DEVELOPMENT_TEAM = 546BGC9D82;
				ENABLE_PREVIEWS = YES;
				GENERATE_INFOPLIST_FILE = YES;
				INFOPLIST_FILE = Africa/Info.plist;
				INFOPLIST_KEY_UIApplicationSceneManifest_Generation = YES;
				INFOPLIST_KEY_UIApplicationSupportsIndirectInputEvents = YES;
				INFOPLIST_KEY_UISupportedInterfaceOrientations_iPad = "UIInterfaceOrientationPortrait UIInterfaceOrientationPortraitUpsideDown UIInterfaceOrientationLandscapeLeft UIInterfaceOrientationLandscapeRight";
				INFOPLIST_KEY_UISupportedInterfaceOrientations_iPhone = "UIInterfaceOrientationPortrait UIInterfaceOrientationLandscapeLeft UIInterfaceOrientationLandscapeRight";
				INFOPLIST_KEY_UIUserInterfaceStyle = Dark;
				LD_RUNPATH_SEARCH_PATHS = (
					"$(inherited)",
					"@executable_path/Frameworks",
				);
				MARKETING_VERSION = 1.0;
				PRODUCT_BUNDLE_IDENTIFIER = aarhip.com.Africa;
				PRODUCT_NAME = "$(TARGET_NAME)";
				SUPPORTED_PLATFORMS = "iphoneos iphonesimulator";
				SUPPORTS_MACCATALYST = YES;
				SUPPORTS_MAC_DESIGNED_FOR_IPHONE_IPAD = YES;
				SWIFT_EMIT_LOC_STRINGS = YES;
				SWIFT_VERSION = 5.0;
				TARGETED_DEVICE_FAMILY = "1,2";
			};
			name = Debug;
		};
		05B04A4A290D5FBE00DB59AF /* Release */ = {
			isa = XCBuildConfiguration;
			buildSettings = {
				ASSETCATALOG_COMPILER_APPICON_NAME = AppIcon;
				ASSETCATALOG_COMPILER_GLOBAL_ACCENT_COLOR_NAME = AccentColor;
				CODE_SIGN_ENTITLEMENTS = Africa/Africa.entitlements;
				CODE_SIGN_STYLE = Automatic;
				CURRENT_PROJECT_VERSION = 1;
				DEVELOPMENT_ASSET_PATHS = "\"Africa/Preview Content\"";
				DEVELOPMENT_TEAM = 546BGC9D82;
				ENABLE_PREVIEWS = YES;
				GENERATE_INFOPLIST_FILE = YES;
				INFOPLIST_FILE = Africa/Info.plist;
				INFOPLIST_KEY_UIApplicationSceneManifest_Generation = YES;
				INFOPLIST_KEY_UIApplicationSupportsIndirectInputEvents = YES;
				INFOPLIST_KEY_UISupportedInterfaceOrientations_iPad = "UIInterfaceOrientationPortrait UIInterfaceOrientationPortraitUpsideDown UIInterfaceOrientationLandscapeLeft UIInterfaceOrientationLandscapeRight";
				INFOPLIST_KEY_UISupportedInterfaceOrientations_iPhone = "UIInterfaceOrientationPortrait UIInterfaceOrientationLandscapeLeft UIInterfaceOrientationLandscapeRight";
				INFOPLIST_KEY_UIUserInterfaceStyle = Dark;
				LD_RUNPATH_SEARCH_PATHS = (
					"$(inherited)",
					"@executable_path/Frameworks",
				);
				MARKETING_VERSION = 1.0;
				PRODUCT_BUNDLE_IDENTIFIER = aarhip.com.Africa;
				PRODUCT_NAME = "$(TARGET_NAME)";
				SUPPORTED_PLATFORMS = "iphoneos iphonesimulator";
				SUPPORTS_MACCATALYST = YES;
				SUPPORTS_MAC_DESIGNED_FOR_IPHONE_IPAD = YES;
				SWIFT_EMIT_LOC_STRINGS = YES;
				SWIFT_VERSION = 5.0;
				TARGETED_DEVICE_FAMILY = "1,2";
			};
			name = Release;
		};
		05B37483291E60E60030ED77 /* Debug */ = {
			isa = XCBuildConfiguration;
			buildSettings = {
				ASSETCATALOG_COMPILER_APPICON_NAME = "iMessage App Icon";
				CODE_SIGN_STYLE = Automatic;
				CURRENT_PROJECT_VERSION = 1;
				GENERATE_INFOPLIST_FILE = YES;
				INFOPLIST_FILE = Stickers/Info.plist;
				INFOPLIST_KEY_CFBundleDisplayName = Africa;
				IPHONEOS_DEPLOYMENT_TARGET = 16.1;
				MARKETING_VERSION = 1.0;
				PRODUCT_BUNDLE_IDENTIFIER = aarhip.com.Africa.Stickers;
				PRODUCT_NAME = "$(TARGET_NAME)";
				SKIP_INSTALL = YES;
				SUPPORTS_MACCATALYST = NO;
				SWIFT_EMIT_LOC_STRINGS = YES;
				TARGETED_DEVICE_FAMILY = "1,2";
			};
			name = Debug;
		};
		05B37484291E60E60030ED77 /* Release */ = {
			isa = XCBuildConfiguration;
			buildSettings = {
				ASSETCATALOG_COMPILER_APPICON_NAME = "iMessage App Icon";
				CODE_SIGN_STYLE = Automatic;
				CURRENT_PROJECT_VERSION = 1;
				GENERATE_INFOPLIST_FILE = YES;
				INFOPLIST_FILE = Stickers/Info.plist;
				INFOPLIST_KEY_CFBundleDisplayName = Africa;
				IPHONEOS_DEPLOYMENT_TARGET = 16.1;
				MARKETING_VERSION = 1.0;
				PRODUCT_BUNDLE_IDENTIFIER = aarhip.com.Africa.Stickers;
				PRODUCT_NAME = "$(TARGET_NAME)";
				SKIP_INSTALL = YES;
				SUPPORTS_MACCATALYST = NO;
				SWIFT_EMIT_LOC_STRINGS = YES;
				TARGETED_DEVICE_FAMILY = "1,2";
			};
			name = Release;
		};
/* End XCBuildConfiguration section */

/* Begin XCConfigurationList section */
		05B04A35290D5FBC00DB59AF /* Build configuration list for PBXProject "Africa" */ = {
			isa = XCConfigurationList;
			buildConfigurations = (
				05B04A46290D5FBE00DB59AF /* Debug */,
				05B04A47290D5FBE00DB59AF /* Release */,
			);
			defaultConfigurationIsVisible = 0;
			defaultConfigurationName = Release;
		};
		05B04A48290D5FBE00DB59AF /* Build configuration list for PBXNativeTarget "Africa" */ = {
			isa = XCConfigurationList;
			buildConfigurations = (
				05B04A49290D5FBE00DB59AF /* Debug */,
				05B04A4A290D5FBE00DB59AF /* Release */,
			);
			defaultConfigurationIsVisible = 0;
			defaultConfigurationName = Release;
		};
		05B37482291E60E60030ED77 /* Build configuration list for PBXNativeTarget "Stickers" */ = {
			isa = XCConfigurationList;
			buildConfigurations = (
				05B37483291E60E60030ED77 /* Debug */,
				05B37484291E60E60030ED77 /* Release */,
			);
			defaultConfigurationIsVisible = 0;
			defaultConfigurationName = Release;
		};
/* End XCConfigurationList section */
	};
	rootObject = 05B04A32290D5FBC00DB59AF /* Project object */;
}
