// !$*UTF8*$!
{
	archiveVersion = 1;
	classes = {
	};
	objectVersion = 56;
	objects = {

/* Begin PBXBuildFile section */
		059CCE5E28F97B4C002BA274 /* AppDelegate.swift in Sources */ = {isa = PBXBuildFile; fileRef = 059CCE5D28F97B4C002BA274 /* AppDelegate.swift */; };
		059CCE6228F97B4C002BA274 /* LoginViewController.swift in Sources */ = {isa = PBXBuildFile; fileRef = 059CCE6128F97B4C002BA274 /* LoginViewController.swift */; };
		059CCE6728F97B4E002BA274 /* Assets.xcassets in Resources */ = {isa = PBXBuildFile; fileRef = 059CCE6628F97B4E002BA274 /* Assets.xcassets */; };
		059CCE6A28F97B4E002BA274 /* LaunchScreen.storyboard in Resources */ = {isa = PBXBuildFile; fileRef = 059CCE6828F97B4E002BA274 /* LaunchScreen.storyboard */; };
		059CCE7528F97B4E002BA274 /* BankeyTests.swift in Sources */ = {isa = PBXBuildFile; fileRef = 059CCE7428F97B4E002BA274 /* BankeyTests.swift */; };
		059CCE7F28F97B4F002BA274 /* BankeyUITests.swift in Sources */ = {isa = PBXBuildFile; fileRef = 059CCE7E28F97B4F002BA274 /* BankeyUITests.swift */; };
		059CCE8128F97B4F002BA274 /* BankeyUITestsLaunchTests.swift in Sources */ = {isa = PBXBuildFile; fileRef = 059CCE8028F97B4F002BA274 /* BankeyUITestsLaunchTests.swift */; };
		059CCE9328F98BA6002BA274 /* LoginView.swift in Sources */ = {isa = PBXBuildFile; fileRef = 059CCE9228F98BA6002BA274 /* LoginView.swift */; };
/* End PBXBuildFile section */

/* Begin PBXContainerItemProxy section */
		059CCE7128F97B4E002BA274 /* PBXContainerItemProxy */ = {
			isa = PBXContainerItemProxy;
			containerPortal = 059CCE5228F97B4C002BA274 /* Project object */;
			proxyType = 1;
			remoteGlobalIDString = 059CCE5928F97B4C002BA274;
			remoteInfo = Bankey;
		};
		059CCE7B28F97B4F002BA274 /* PBXContainerItemProxy */ = {
			isa = PBXContainerItemProxy;
			containerPortal = 059CCE5228F97B4C002BA274 /* Project object */;
			proxyType = 1;
			remoteGlobalIDString = 059CCE5928F97B4C002BA274;
			remoteInfo = Bankey;
		};
/* End PBXContainerItemProxy section */

/* Begin PBXFileReference section */
		059CCE5A28F97B4C002BA274 /* Bankey.app */ = {isa = PBXFileReference; explicitFileType = wrapper.application; includeInIndex = 0; path = Bankey.app; sourceTree = BUILT_PRODUCTS_DIR; };
		059CCE5D28F97B4C002BA274 /* AppDelegate.swift */ = {isa = PBXFileReference; lastKnownFileType = sourcecode.swift; path = AppDelegate.swift; sourceTree = "<group>"; };
		059CCE6128F97B4C002BA274 /* LoginViewController.swift */ = {isa = PBXFileReference; lastKnownFileType = sourcecode.swift; path = LoginViewController.swift; sourceTree = "<group>"; };
		059CCE6628F97B4E002BA274 /* Assets.xcassets */ = {isa = PBXFileReference; lastKnownFileType = folder.assetcatalog; path = Assets.xcassets; sourceTree = "<group>"; };
		059CCE6928F97B4E002BA274 /* Base */ = {isa = PBXFileReference; lastKnownFileType = file.storyboard; name = Base; path = Base.lproj/LaunchScreen.storyboard; sourceTree = "<group>"; };
		059CCE6B28F97B4E002BA274 /* Info.plist */ = {isa = PBXFileReference; lastKnownFileType = text.plist.xml; path = Info.plist; sourceTree = "<group>"; };
		059CCE7028F97B4E002BA274 /* BankeyTests.xctest */ = {isa = PBXFileReference; explicitFileType = wrapper.cfbundle; includeInIndex = 0; path = BankeyTests.xctest; sourceTree = BUILT_PRODUCTS_DIR; };
		059CCE7428F97B4E002BA274 /* BankeyTests.swift */ = {isa = PBXFileReference; lastKnownFileType = sourcecode.swift; path = BankeyTests.swift; sourceTree = "<group>"; };
		059CCE7A28F97B4F002BA274 /* BankeyUITests.xctest */ = {isa = PBXFileReference; explicitFileType = wrapper.cfbundle; includeInIndex = 0; path = BankeyUITests.xctest; sourceTree = BUILT_PRODUCTS_DIR; };
		059CCE7E28F97B4F002BA274 /* BankeyUITests.swift */ = {isa = PBXFileReference; lastKnownFileType = sourcecode.swift; path = BankeyUITests.swift; sourceTree = "<group>"; };
		059CCE8028F97B4F002BA274 /* BankeyUITestsLaunchTests.swift */ = {isa = PBXFileReference; lastKnownFileType = sourcecode.swift; path = BankeyUITestsLaunchTests.swift; sourceTree = "<group>"; };
		059CCE9228F98BA6002BA274 /* LoginView.swift */ = {isa = PBXFileReference; lastKnownFileType = sourcecode.swift; path = LoginView.swift; sourceTree = "<group>"; };
/* End PBXFileReference section */

/* Begin PBXFrameworksBuildPhase section */
		059CCE5728F97B4C002BA274 /* Frameworks */ = {
			isa = PBXFrameworksBuildPhase;
			buildActionMask = 2147483647;
			files = (
			);
			runOnlyForDeploymentPostprocessing = 0;
		};
		059CCE6D28F97B4E002BA274 /* Frameworks */ = {
			isa = PBXFrameworksBuildPhase;
			buildActionMask = 2147483647;
			files = (
			);
			runOnlyForDeploymentPostprocessing = 0;
		};
		059CCE7728F97B4F002BA274 /* Frameworks */ = {
			isa = PBXFrameworksBuildPhase;
			buildActionMask = 2147483647;
			files = (
			);
			runOnlyForDeploymentPostprocessing = 0;
		};
/* End PBXFrameworksBuildPhase section */

/* Begin PBXGroup section */
		059CCE5128F97B4C002BA274 = {
			isa = PBXGroup;
			children = (
				059CCE5C28F97B4C002BA274 /* Bankey */,
				059CCE7328F97B4E002BA274 /* BankeyTests */,
				059CCE7D28F97B4F002BA274 /* BankeyUITests */,
				059CCE5B28F97B4C002BA274 /* Products */,
			);
			sourceTree = "<group>";
		};
		059CCE5B28F97B4C002BA274 /* Products */ = {
			isa = PBXGroup;
			children = (
				059CCE5A28F97B4C002BA274 /* Bankey.app */,
				059CCE7028F97B4E002BA274 /* BankeyTests.xctest */,
				059CCE7A28F97B4F002BA274 /* BankeyUITests.xctest */,
			);
			name = Products;
			sourceTree = "<group>";
		};
		059CCE5C28F97B4C002BA274 /* Bankey */ = {
			isa = PBXGroup;
			children = (
				059CCE9028F98B39002BA274 /* Files */,
				059CCE9128F98B7A002BA274 /* Login */,
				059CCE5D28F97B4C002BA274 /* AppDelegate.swift */,
			);
			path = Bankey;
			sourceTree = "<group>";
		};
		059CCE7328F97B4E002BA274 /* BankeyTests */ = {
			isa = PBXGroup;
			children = (
				059CCE7428F97B4E002BA274 /* BankeyTests.swift */,
			);
			path = BankeyTests;
			sourceTree = "<group>";
		};
		059CCE7D28F97B4F002BA274 /* BankeyUITests */ = {
			isa = PBXGroup;
			children = (
				059CCE7E28F97B4F002BA274 /* BankeyUITests.swift */,
				059CCE8028F97B4F002BA274 /* BankeyUITestsLaunchTests.swift */,
			);
			path = BankeyUITests;
			sourceTree = "<group>";
		};
		059CCE9028F98B39002BA274 /* Files */ = {
			isa = PBXGroup;
			children = (
				059CCE6628F97B4E002BA274 /* Assets.xcassets */,
				059CCE6828F97B4E002BA274 /* LaunchScreen.storyboard */,
				059CCE6B28F97B4E002BA274 /* Info.plist */,
			);
			name = Files;
			sourceTree = "<group>";
		};
		059CCE9128F98B7A002BA274 /* Login */ = {
			isa = PBXGroup;
			children = (
				059CCE6128F97B4C002BA274 /* LoginViewController.swift */,
				059CCE9228F98BA6002BA274 /* LoginView.swift */,
			);
			path = Login;
			sourceTree = "<group>";
		};
/* End PBXGroup section */

/* Begin PBXNativeTarget section */
		059CCE5928F97B4C002BA274 /* Bankey */ = {
			isa = PBXNativeTarget;
			buildConfigurationList = 059CCE8428F97B4F002BA274 /* Build configuration list for PBXNativeTarget "Bankey" */;
			buildPhases = (
				059CCE5628F97B4C002BA274 /* Sources */,
				059CCE5728F97B4C002BA274 /* Frameworks */,
				059CCE5828F97B4C002BA274 /* Resources */,
			);
			buildRules = (
			);
			dependencies = (
			);
			name = Bankey;
			productName = Bankey;
			productReference = 059CCE5A28F97B4C002BA274 /* Bankey.app */;
			productType = "com.apple.product-type.application";
		};
		059CCE6F28F97B4E002BA274 /* BankeyTests */ = {
			isa = PBXNativeTarget;
			buildConfigurationList = 059CCE8728F97B4F002BA274 /* Build configuration list for PBXNativeTarget "BankeyTests" */;
			buildPhases = (
				059CCE6C28F97B4E002BA274 /* Sources */,
				059CCE6D28F97B4E002BA274 /* Frameworks */,
				059CCE6E28F97B4E002BA274 /* Resources */,
			);
			buildRules = (
			);
			dependencies = (
				059CCE7228F97B4E002BA274 /* PBXTargetDependency */,
			);
			name = BankeyTests;
			productName = BankeyTests;
			productReference = 059CCE7028F97B4E002BA274 /* BankeyTests.xctest */;
			productType = "com.apple.product-type.bundle.unit-test";
		};
		059CCE7928F97B4F002BA274 /* BankeyUITests */ = {
			isa = PBXNativeTarget;
			buildConfigurationList = 059CCE8A28F97B4F002BA274 /* Build configuration list for PBXNativeTarget "BankeyUITests" */;
			buildPhases = (
				059CCE7628F97B4F002BA274 /* Sources */,
				059CCE7728F97B4F002BA274 /* Frameworks */,
				059CCE7828F97B4F002BA274 /* Resources */,
			);
			buildRules = (
			);
			dependencies = (
				059CCE7C28F97B4F002BA274 /* PBXTargetDependency */,
			);
			name = BankeyUITests;
			productName = BankeyUITests;
			productReference = 059CCE7A28F97B4F002BA274 /* BankeyUITests.xctest */;
			productType = "com.apple.product-type.bundle.ui-testing";
		};
/* End PBXNativeTarget section */

/* Begin PBXProject section */
		059CCE5228F97B4C002BA274 /* Project object */ = {
			isa = PBXProject;
			attributes = {
				BuildIndependentTargetsInParallel = 1;
				LastSwiftUpdateCheck = 1400;
				LastUpgradeCheck = 1400;
				TargetAttributes = {
					059CCE5928F97B4C002BA274 = {
						CreatedOnToolsVersion = 14.0.1;
					};
					059CCE6F28F97B4E002BA274 = {
						CreatedOnToolsVersion = 14.0.1;
						TestTargetID = 059CCE5928F97B4C002BA274;
					};
					059CCE7928F97B4F002BA274 = {
						CreatedOnToolsVersion = 14.0.1;
						TestTargetID = 059CCE5928F97B4C002BA274;
					};
				};
			};
			buildConfigurationList = 059CCE5528F97B4C002BA274 /* Build configuration list for PBXProject "Bankey" */;
			compatibilityVersion = "Xcode 14.0";
			developmentRegion = en;
			hasScannedForEncodings = 0;
			knownRegions = (
				en,
				Base,
			);
			mainGroup = 059CCE5128F97B4C002BA274;
			productRefGroup = 059CCE5B28F97B4C002BA274 /* Products */;
			projectDirPath = "";
			projectRoot = "";
			targets = (
				059CCE5928F97B4C002BA274 /* Bankey */,
				059CCE6F28F97B4E002BA274 /* BankeyTests */,
				059CCE7928F97B4F002BA274 /* BankeyUITests */,
			);
		};
/* End PBXProject section */

/* Begin PBXResourcesBuildPhase section */
		059CCE5828F97B4C002BA274 /* Resources */ = {
			isa = PBXResourcesBuildPhase;
			buildActionMask = 2147483647;
			files = (
				059CCE6A28F97B4E002BA274 /* LaunchScreen.storyboard in Resources */,
				059CCE6728F97B4E002BA274 /* Assets.xcassets in Resources */,
			);
			runOnlyForDeploymentPostprocessing = 0;
		};
		059CCE6E28F97B4E002BA274 /* Resources */ = {
			isa = PBXResourcesBuildPhase;
			buildActionMask = 2147483647;
			files = (
			);
			runOnlyForDeploymentPostprocessing = 0;
		};
		059CCE7828F97B4F002BA274 /* Resources */ = {
			isa = PBXResourcesBuildPhase;
			buildActionMask = 2147483647;
			files = (
			);
			runOnlyForDeploymentPostprocessing = 0;
		};
/* End PBXResourcesBuildPhase section */

/* Begin PBXSourcesBuildPhase section */
		059CCE5628F97B4C002BA274 /* Sources */ = {
			isa = PBXSourcesBuildPhase;
			buildActionMask = 2147483647;
			files = (
				059CCE9328F98BA6002BA274 /* LoginView.swift in Sources */,
				059CCE6228F97B4C002BA274 /* LoginViewController.swift in Sources */,
				059CCE5E28F97B4C002BA274 /* AppDelegate.swift in Sources */,
			);
			runOnlyForDeploymentPostprocessing = 0;
		};
		059CCE6C28F97B4E002BA274 /* Sources */ = {
			isa = PBXSourcesBuildPhase;
			buildActionMask = 2147483647;
			files = (
				059CCE7528F97B4E002BA274 /* BankeyTests.swift in Sources */,
			);
			runOnlyForDeploymentPostprocessing = 0;
		};
		059CCE7628F97B4F002BA274 /* Sources */ = {
			isa = PBXSourcesBuildPhase;
			buildActionMask = 2147483647;
			files = (
				059CCE8128F97B4F002BA274 /* BankeyUITestsLaunchTests.swift in Sources */,
				059CCE7F28F97B4F002BA274 /* BankeyUITests.swift in Sources */,
			);
			runOnlyForDeploymentPostprocessing = 0;
		};
/* End PBXSourcesBuildPhase section */

/* Begin PBXTargetDependency section */
		059CCE7228F97B4E002BA274 /* PBXTargetDependency */ = {
			isa = PBXTargetDependency;
			target = 059CCE5928F97B4C002BA274 /* Bankey */;
			targetProxy = 059CCE7128F97B4E002BA274 /* PBXContainerItemProxy */;
		};
		059CCE7C28F97B4F002BA274 /* PBXTargetDependency */ = {
			isa = PBXTargetDependency;
			target = 059CCE5928F97B4C002BA274 /* Bankey */;
			targetProxy = 059CCE7B28F97B4F002BA274 /* PBXContainerItemProxy */;
		};
/* End PBXTargetDependency section */

/* Begin PBXVariantGroup section */
		059CCE6828F97B4E002BA274 /* LaunchScreen.storyboard */ = {
			isa = PBXVariantGroup;
			children = (
				059CCE6928F97B4E002BA274 /* Base */,
			);
			name = LaunchScreen.storyboard;
			sourceTree = "<group>";
		};
/* End PBXVariantGroup section */

/* Begin XCBuildConfiguration section */
		059CCE8228F97B4F002BA274 /* Debug */ = {
			isa = XCBuildConfiguration;
			buildSettings = {
				ALWAYS_SEARCH_USER_PATHS = NO;
				CLANG_ANALYZER_NONNULL = YES;
				CLANG_ANALYZER_NUMBER_OBJECT_CONVERSION = YES_AGGRESSIVE;
				CLANG_CXX_LANGUAGE_STANDARD = "gnu++20";
				CLANG_ENABLE_MODULES = YES;
				CLANG_ENABLE_OBJC_ARC = YES;
				CLANG_ENABLE_OBJC_WEAK = YES;
				CLANG_WARN_BLOCK_CAPTURE_AUTORELEASING = YES;
				CLANG_WARN_BOOL_CONVERSION = YES;
				CLANG_WARN_COMMA = YES;
				CLANG_WARN_CONSTANT_CONVERSION = YES;
				CLANG_WARN_DEPRECATED_OBJC_IMPLEMENTATIONS = YES;
				CLANG_WARN_DIRECT_OBJC_ISA_USAGE = YES_ERROR;
				CLANG_WARN_DOCUMENTATION_COMMENTS = YES;
				CLANG_WARN_EMPTY_BODY = YES;
				CLANG_WARN_ENUM_CONVERSION = YES;
				CLANG_WARN_INFINITE_RECURSION = YES;
				CLANG_WARN_INT_CONVERSION = YES;
				CLANG_WARN_NON_LITERAL_NULL_CONVERSION = YES;
				CLANG_WARN_OBJC_IMPLICIT_RETAIN_SELF = YES;
				CLANG_WARN_OBJC_LITERAL_CONVERSION = YES;
				CLANG_WARN_OBJC_ROOT_CLASS = YES_ERROR;
				CLANG_WARN_QUOTED_INCLUDE_IN_FRAMEWORK_HEADER = YES;
				CLANG_WARN_RANGE_LOOP_ANALYSIS = YES;
				CLANG_WARN_STRICT_PROTOTYPES = YES;
				CLANG_WARN_SUSPICIOUS_MOVE = YES;
				CLANG_WARN_UNGUARDED_AVAILABILITY = YES_AGGRESSIVE;
				CLANG_WARN_UNREACHABLE_CODE = YES;
				CLANG_WARN__DUPLICATE_METHOD_MATCH = YES;
				COPY_PHASE_STRIP = NO;
				DEBUG_INFORMATION_FORMAT = dwarf;
				ENABLE_STRICT_OBJC_MSGSEND = YES;
				ENABLE_TESTABILITY = YES;
				GCC_C_LANGUAGE_STANDARD = gnu11;
				GCC_DYNAMIC_NO_PIC = NO;
				GCC_NO_COMMON_BLOCKS = YES;
				GCC_OPTIMIZATION_LEVEL = 0;
				GCC_PREPROCESSOR_DEFINITIONS = (
					"DEBUG=1",
					"$(inherited)",
				);
				GCC_WARN_64_TO_32_BIT_CONVERSION = YES;
				GCC_WARN_ABOUT_RETURN_TYPE = YES_ERROR;
				GCC_WARN_UNDECLARED_SELECTOR = YES;
				GCC_WARN_UNINITIALIZED_AUTOS = YES_AGGRESSIVE;
				GCC_WARN_UNUSED_FUNCTION = YES;
				GCC_WARN_UNUSED_VARIABLE = YES;
				IPHONEOS_DEPLOYMENT_TARGET = 16.0;
				MTL_ENABLE_DEBUG_INFO = INCLUDE_SOURCE;
				MTL_FAST_MATH = YES;
				ONLY_ACTIVE_ARCH = YES;
				SDKROOT = iphoneos;
				SWIFT_ACTIVE_COMPILATION_CONDITIONS = DEBUG;
				SWIFT_OPTIMIZATION_LEVEL = "-Onone";
			};
			name = Debug;
		};
		059CCE8328F97B4F002BA274 /* Release */ = {
			isa = XCBuildConfiguration;
			buildSettings = {
				ALWAYS_SEARCH_USER_PATHS = NO;
				CLANG_ANALYZER_NONNULL = YES;
				CLANG_ANALYZER_NUMBER_OBJECT_CONVERSION = YES_AGGRESSIVE;
				CLANG_CXX_LANGUAGE_STANDARD = "gnu++20";
				CLANG_ENABLE_MODULES = YES;
				CLANG_ENABLE_OBJC_ARC = YES;
				CLANG_ENABLE_OBJC_WEAK = YES;
				CLANG_WARN_BLOCK_CAPTURE_AUTORELEASING = YES;
				CLANG_WARN_BOOL_CONVERSION = YES;
				CLANG_WARN_COMMA = YES;
				CLANG_WARN_CONSTANT_CONVERSION = YES;
				CLANG_WARN_DEPRECATED_OBJC_IMPLEMENTATIONS = YES;
				CLANG_WARN_DIRECT_OBJC_ISA_USAGE = YES_ERROR;
				CLANG_WARN_DOCUMENTATION_COMMENTS = YES;
				CLANG_WARN_EMPTY_BODY = YES;
				CLANG_WARN_ENUM_CONVERSION = YES;
				CLANG_WARN_INFINITE_RECURSION = YES;
				CLANG_WARN_INT_CONVERSION = YES;
				CLANG_WARN_NON_LITERAL_NULL_CONVERSION = YES;
				CLANG_WARN_OBJC_IMPLICIT_RETAIN_SELF = YES;
				CLANG_WARN_OBJC_LITERAL_CONVERSION = YES;
				CLANG_WARN_OBJC_ROOT_CLASS = YES_ERROR;
				CLANG_WARN_QUOTED_INCLUDE_IN_FRAMEWORK_HEADER = YES;
				CLANG_WARN_RANGE_LOOP_ANALYSIS = YES;
				CLANG_WARN_STRICT_PROTOTYPES = YES;
				CLANG_WARN_SUSPICIOUS_MOVE = YES;
				CLANG_WARN_UNGUARDED_AVAILABILITY = YES_AGGRESSIVE;
				CLANG_WARN_UNREACHABLE_CODE = YES;
				CLANG_WARN__DUPLICATE_METHOD_MATCH = YES;
				COPY_PHASE_STRIP = NO;
				DEBUG_INFORMATION_FORMAT = "dwarf-with-dsym";
				ENABLE_NS_ASSERTIONS = NO;
				ENABLE_STRICT_OBJC_MSGSEND = YES;
				GCC_C_LANGUAGE_STANDARD = gnu11;
				GCC_NO_COMMON_BLOCKS = YES;
				GCC_WARN_64_TO_32_BIT_CONVERSION = YES;
				GCC_WARN_ABOUT_RETURN_TYPE = YES_ERROR;
				GCC_WARN_UNDECLARED_SELECTOR = YES;
				GCC_WARN_UNINITIALIZED_AUTOS = YES_AGGRESSIVE;
				GCC_WARN_UNUSED_FUNCTION = YES;
				GCC_WARN_UNUSED_VARIABLE = YES;
				IPHONEOS_DEPLOYMENT_TARGET = 16.0;
				MTL_ENABLE_DEBUG_INFO = NO;
				MTL_FAST_MATH = YES;
				SDKROOT = iphoneos;
				SWIFT_COMPILATION_MODE = wholemodule;
				SWIFT_OPTIMIZATION_LEVEL = "-O";
				VALIDATE_PRODUCT = YES;
			};
			name = Release;
		};
		059CCE8528F97B4F002BA274 /* Debug */ = {
			isa = XCBuildConfiguration;
			buildSettings = {
				ASSETCATALOG_COMPILER_APPICON_NAME = AppIcon;
				ASSETCATALOG_COMPILER_GLOBAL_ACCENT_COLOR_NAME = AccentColor;
				CODE_SIGN_STYLE = Automatic;
				CURRENT_PROJECT_VERSION = 1;
				GENERATE_INFOPLIST_FILE = YES;
				INFOPLIST_FILE = Bankey/Info.plist;
				INFOPLIST_KEY_UIApplicationSupportsIndirectInputEvents = YES;
				INFOPLIST_KEY_UILaunchStoryboardName = LaunchScreen;
				INFOPLIST_KEY_UISupportedInterfaceOrientations_iPad = "UIInterfaceOrientationPortrait UIInterfaceOrientationPortraitUpsideDown UIInterfaceOrientationLandscapeLeft UIInterfaceOrientationLandscapeRight";
				INFOPLIST_KEY_UISupportedInterfaceOrientations_iPhone = "UIInterfaceOrientationPortrait UIInterfaceOrientationLandscapeLeft UIInterfaceOrientationLandscapeRight";
				LD_RUNPATH_SEARCH_PATHS = (
					"$(inherited)",
					"@executable_path/Frameworks",
				);
				MARKETING_VERSION = 1.0;
				PRODUCT_BUNDLE_IDENTIFIER = aarhip.com.Bankey;
				PRODUCT_NAME = "$(TARGET_NAME)";
				SWIFT_EMIT_LOC_STRINGS = YES;
				SWIFT_VERSION = 5.0;
				TARGETED_DEVICE_FAMILY = "1,2";
			};
			name = Debug;
		};
		059CCE8628F97B4F002BA274 /* Release */ = {
			isa = XCBuildConfiguration;
			buildSettings = {
				ASSETCATALOG_COMPILER_APPICON_NAME = AppIcon;
				ASSETCATALOG_COMPILER_GLOBAL_ACCENT_COLOR_NAME = AccentColor;
				CODE_SIGN_STYLE = Automatic;
				CURRENT_PROJECT_VERSION = 1;
				GENERATE_INFOPLIST_FILE = YES;
				INFOPLIST_FILE = Bankey/Info.plist;
				INFOPLIST_KEY_UIApplicationSupportsIndirectInputEvents = YES;
				INFOPLIST_KEY_UILaunchStoryboardName = LaunchScreen;
				INFOPLIST_KEY_UISupportedInterfaceOrientations_iPad = "UIInterfaceOrientationPortrait UIInterfaceOrientationPortraitUpsideDown UIInterfaceOrientationLandscapeLeft UIInterfaceOrientationLandscapeRight";
				INFOPLIST_KEY_UISupportedInterfaceOrientations_iPhone = "UIInterfaceOrientationPortrait UIInterfaceOrientationLandscapeLeft UIInterfaceOrientationLandscapeRight";
				LD_RUNPATH_SEARCH_PATHS = (
					"$(inherited)",
					"@executable_path/Frameworks",
				);
				MARKETING_VERSION = 1.0;
				PRODUCT_BUNDLE_IDENTIFIER = aarhip.com.Bankey;
				PRODUCT_NAME = "$(TARGET_NAME)";
				SWIFT_EMIT_LOC_STRINGS = YES;
				SWIFT_VERSION = 5.0;
				TARGETED_DEVICE_FAMILY = "1,2";
			};
			name = Release;
		};
		059CCE8828F97B4F002BA274 /* Debug */ = {
			isa = XCBuildConfiguration;
			buildSettings = {
				ALWAYS_EMBED_SWIFT_STANDARD_LIBRARIES = YES;
				BUNDLE_LOADER = "$(TEST_HOST)";
				CODE_SIGN_STYLE = Automatic;
				CURRENT_PROJECT_VERSION = 1;
				GENERATE_INFOPLIST_FILE = YES;
				IPHONEOS_DEPLOYMENT_TARGET = 16.0;
				MARKETING_VERSION = 1.0;
				PRODUCT_BUNDLE_IDENTIFIER = aarhip.com.BankeyTests;
				PRODUCT_NAME = "$(TARGET_NAME)";
				SWIFT_EMIT_LOC_STRINGS = NO;
				SWIFT_VERSION = 5.0;
				TARGETED_DEVICE_FAMILY = "1,2";
				TEST_HOST = "$(BUILT_PRODUCTS_DIR)/Bankey.app/$(BUNDLE_EXECUTABLE_FOLDER_PATH)/Bankey";
			};
			name = Debug;
		};
		059CCE8928F97B4F002BA274 /* Release */ = {
			isa = XCBuildConfiguration;
			buildSettings = {
				ALWAYS_EMBED_SWIFT_STANDARD_LIBRARIES = YES;
				BUNDLE_LOADER = "$(TEST_HOST)";
				CODE_SIGN_STYLE = Automatic;
				CURRENT_PROJECT_VERSION = 1;
				GENERATE_INFOPLIST_FILE = YES;
				IPHONEOS_DEPLOYMENT_TARGET = 16.0;
				MARKETING_VERSION = 1.0;
				PRODUCT_BUNDLE_IDENTIFIER = aarhip.com.BankeyTests;
				PRODUCT_NAME = "$(TARGET_NAME)";
				SWIFT_EMIT_LOC_STRINGS = NO;
				SWIFT_VERSION = 5.0;
				TARGETED_DEVICE_FAMILY = "1,2";
				TEST_HOST = "$(BUILT_PRODUCTS_DIR)/Bankey.app/$(BUNDLE_EXECUTABLE_FOLDER_PATH)/Bankey";
			};
			name = Release;
		};
		059CCE8B28F97B4F002BA274 /* Debug */ = {
			isa = XCBuildConfiguration;
			buildSettings = {
				ALWAYS_EMBED_SWIFT_STANDARD_LIBRARIES = YES;
				CODE_SIGN_STYLE = Automatic;
				CURRENT_PROJECT_VERSION = 1;
				GENERATE_INFOPLIST_FILE = YES;
				MARKETING_VERSION = 1.0;
				PRODUCT_BUNDLE_IDENTIFIER = aarhip.com.BankeyUITests;
				PRODUCT_NAME = "$(TARGET_NAME)";
				SWIFT_EMIT_LOC_STRINGS = NO;
				SWIFT_VERSION = 5.0;
				TARGETED_DEVICE_FAMILY = "1,2";
				TEST_TARGET_NAME = Bankey;
			};
			name = Debug;
		};
		059CCE8C28F97B4F002BA274 /* Release */ = {
			isa = XCBuildConfiguration;
			buildSettings = {
				ALWAYS_EMBED_SWIFT_STANDARD_LIBRARIES = YES;
				CODE_SIGN_STYLE = Automatic;
				CURRENT_PROJECT_VERSION = 1;
				GENERATE_INFOPLIST_FILE = YES;
				MARKETING_VERSION = 1.0;
				PRODUCT_BUNDLE_IDENTIFIER = aarhip.com.BankeyUITests;
				PRODUCT_NAME = "$(TARGET_NAME)";
				SWIFT_EMIT_LOC_STRINGS = NO;
				SWIFT_VERSION = 5.0;
				TARGETED_DEVICE_FAMILY = "1,2";
				TEST_TARGET_NAME = Bankey;
			};
			name = Release;
		};
/* End XCBuildConfiguration section */

/* Begin XCConfigurationList section */
		059CCE5528F97B4C002BA274 /* Build configuration list for PBXProject "Bankey" */ = {
			isa = XCConfigurationList;
			buildConfigurations = (
				059CCE8228F97B4F002BA274 /* Debug */,
				059CCE8328F97B4F002BA274 /* Release */,
			);
			defaultConfigurationIsVisible = 0;
			defaultConfigurationName = Release;
		};
		059CCE8428F97B4F002BA274 /* Build configuration list for PBXNativeTarget "Bankey" */ = {
			isa = XCConfigurationList;
			buildConfigurations = (
				059CCE8528F97B4F002BA274 /* Debug */,
				059CCE8628F97B4F002BA274 /* Release */,
			);
			defaultConfigurationIsVisible = 0;
			defaultConfigurationName = Release;
		};
		059CCE8728F97B4F002BA274 /* Build configuration list for PBXNativeTarget "BankeyTests" */ = {
			isa = XCConfigurationList;
			buildConfigurations = (
				059CCE8828F97B4F002BA274 /* Debug */,
				059CCE8928F97B4F002BA274 /* Release */,
			);
			defaultConfigurationIsVisible = 0;
			defaultConfigurationName = Release;
		};
		059CCE8A28F97B4F002BA274 /* Build configuration list for PBXNativeTarget "BankeyUITests" */ = {
			isa = XCConfigurationList;
			buildConfigurations = (
				059CCE8B28F97B4F002BA274 /* Debug */,
				059CCE8C28F97B4F002BA274 /* Release */,
			);
			defaultConfigurationIsVisible = 0;
			defaultConfigurationName = Release;
		};
/* End XCConfigurationList section */
	};
	rootObject = 059CCE5228F97B4C002BA274 /* Project object */;
}
