// !$*UTF8*$!
{
	archiveVersion = 1;
	classes = {
	};
	objectVersion = 56;
	objects = {

/* Begin PBXBuildFile section */
		0583FF2D290A91C20089AB16 /* InfoPanelView.swift in Sources */ = {isa = PBXBuildFile; fileRef = 0583FF2C290A91C20089AB16 /* InfoPanelView.swift */; };
		0583FF2F290AD7E00089AB16 /* ControlImageView.swift in Sources */ = {isa = PBXBuildFile; fileRef = 0583FF2E290AD7E00089AB16 /* ControlImageView.swift */; };
		0583FF31290AED700089AB16 /* PageModel.swift in Sources */ = {isa = PBXBuildFile; fileRef = 0583FF30290AED700089AB16 /* PageModel.swift */; };
		0583FF33290AEDEC0089AB16 /* PageData.swift in Sources */ = {isa = PBXBuildFile; fileRef = 0583FF32290AEDEC0089AB16 /* PageData.swift */; };
		0596DA992907F7E000561B1C /* SwiftUIPinchApp.swift in Sources */ = {isa = PBXBuildFile; fileRef = 0596DA982907F7E000561B1C /* SwiftUIPinchApp.swift */; };
		0596DA9B2907F7E000561B1C /* ContentView.swift in Sources */ = {isa = PBXBuildFile; fileRef = 0596DA9A2907F7E000561B1C /* ContentView.swift */; };
		0596DA9D2907F7E200561B1C /* Assets.xcassets in Resources */ = {isa = PBXBuildFile; fileRef = 0596DA9C2907F7E200561B1C /* Assets.xcassets */; };
		0596DAA02907F7E200561B1C /* Preview Assets.xcassets in Resources */ = {isa = PBXBuildFile; fileRef = 0596DA9F2907F7E200561B1C /* Preview Assets.xcassets */; };
/* End PBXBuildFile section */

/* Begin PBXFileReference section */
		0583FF2C290A91C20089AB16 /* InfoPanelView.swift */ = {isa = PBXFileReference; lastKnownFileType = sourcecode.swift; path = InfoPanelView.swift; sourceTree = "<group>"; };
		0583FF2E290AD7E00089AB16 /* ControlImageView.swift */ = {isa = PBXFileReference; lastKnownFileType = sourcecode.swift; path = ControlImageView.swift; sourceTree = "<group>"; };
		0583FF30290AED700089AB16 /* PageModel.swift */ = {isa = PBXFileReference; lastKnownFileType = sourcecode.swift; path = PageModel.swift; sourceTree = "<group>"; };
		0583FF32290AEDEC0089AB16 /* PageData.swift */ = {isa = PBXFileReference; lastKnownFileType = sourcecode.swift; path = PageData.swift; sourceTree = "<group>"; };
		0596DA952907F7E000561B1C /* SwiftUIPinch.app */ = {isa = PBXFileReference; explicitFileType = wrapper.application; includeInIndex = 0; path = SwiftUIPinch.app; sourceTree = BUILT_PRODUCTS_DIR; };
		0596DA982907F7E000561B1C /* SwiftUIPinchApp.swift */ = {isa = PBXFileReference; lastKnownFileType = sourcecode.swift; path = SwiftUIPinchApp.swift; sourceTree = "<group>"; };
		0596DA9A2907F7E000561B1C /* ContentView.swift */ = {isa = PBXFileReference; lastKnownFileType = sourcecode.swift; path = ContentView.swift; sourceTree = "<group>"; };
		0596DA9C2907F7E200561B1C /* Assets.xcassets */ = {isa = PBXFileReference; lastKnownFileType = folder.assetcatalog; path = Assets.xcassets; sourceTree = "<group>"; };
		0596DA9F2907F7E200561B1C /* Preview Assets.xcassets */ = {isa = PBXFileReference; lastKnownFileType = folder.assetcatalog; path = "Preview Assets.xcassets"; sourceTree = "<group>"; };
/* End PBXFileReference section */

/* Begin PBXFrameworksBuildPhase section */
		0596DA922907F7E000561B1C /* Frameworks */ = {
			isa = PBXFrameworksBuildPhase;
			buildActionMask = 2147483647;
			files = (
			);
			runOnlyForDeploymentPostprocessing = 0;
		};
/* End PBXFrameworksBuildPhase section */

/* Begin PBXGroup section */
		0596DA8C2907F7E000561B1C = {
			isa = PBXGroup;
			children = (
				0596DA972907F7E000561B1C /* SwiftUIPinch */,
				0596DA962907F7E000561B1C /* Products */,
			);
			sourceTree = "<group>";
		};
		0596DA962907F7E000561B1C /* Products */ = {
			isa = PBXGroup;
			children = (
				0596DA952907F7E000561B1C /* SwiftUIPinch.app */,
			);
			name = Products;
			sourceTree = "<group>";
		};
		0596DA972907F7E000561B1C /* SwiftUIPinch */ = {
			isa = PBXGroup;
			children = (
				0596DAA92907F97C00561B1C /* Data */,
				0596DAA82907F97500561B1C /* Model */,
				0596DAA72907F96D00561B1C /* View */,
				0596DA982907F7E000561B1C /* SwiftUIPinchApp.swift */,
				0596DAA62907F96100561B1C /* Screen */,
				0596DA9C2907F7E200561B1C /* Assets.xcassets */,
				0596DA9E2907F7E200561B1C /* Preview Content */,
			);
			path = SwiftUIPinch;
			sourceTree = "<group>";
		};
		0596DA9E2907F7E200561B1C /* Preview Content */ = {
			isa = PBXGroup;
			children = (
				0596DA9F2907F7E200561B1C /* Preview Assets.xcassets */,
			);
			path = "Preview Content";
			sourceTree = "<group>";
		};
		0596DAA62907F96100561B1C /* Screen */ = {
			isa = PBXGroup;
			children = (
				0596DA9A2907F7E000561B1C /* ContentView.swift */,
			);
			path = Screen;
			sourceTree = "<group>";
		};
		0596DAA72907F96D00561B1C /* View */ = {
			isa = PBXGroup;
			children = (
				0583FF2C290A91C20089AB16 /* InfoPanelView.swift */,
				0583FF2E290AD7E00089AB16 /* ControlImageView.swift */,
			);
			path = View;
			sourceTree = "<group>";
		};
		0596DAA82907F97500561B1C /* Model */ = {
			isa = PBXGroup;
			children = (
				0583FF30290AED700089AB16 /* PageModel.swift */,
			);
			path = Model;
			sourceTree = "<group>";
		};
		0596DAA92907F97C00561B1C /* Data */ = {
			isa = PBXGroup;
			children = (
				0583FF32290AEDEC0089AB16 /* PageData.swift */,
			);
			path = Data;
			sourceTree = "<group>";
		};
/* End PBXGroup section */

/* Begin PBXNativeTarget section */
		0596DA942907F7E000561B1C /* SwiftUIPinch */ = {
			isa = PBXNativeTarget;
			buildConfigurationList = 0596DAA32907F7E200561B1C /* Build configuration list for PBXNativeTarget "SwiftUIPinch" */;
			buildPhases = (
				0596DA912907F7E000561B1C /* Sources */,
				0596DA922907F7E000561B1C /* Frameworks */,
				0596DA932907F7E000561B1C /* Resources */,
			);
			buildRules = (
			);
			dependencies = (
			);
			name = SwiftUIPinch;
			productName = SwiftUIPinch;
			productReference = 0596DA952907F7E000561B1C /* SwiftUIPinch.app */;
			productType = "com.apple.product-type.application";
		};
/* End PBXNativeTarget section */

/* Begin PBXProject section */
		0596DA8D2907F7E000561B1C /* Project object */ = {
			isa = PBXProject;
			attributes = {
				BuildIndependentTargetsInParallel = 1;
				LastSwiftUpdateCheck = 1400;
				LastUpgradeCheck = 1400;
				TargetAttributes = {
					0596DA942907F7E000561B1C = {
						CreatedOnToolsVersion = 14.0.1;
					};
				};
			};
			buildConfigurationList = 0596DA902907F7E000561B1C /* Build configuration list for PBXProject "SwiftUIPinch" */;
			compatibilityVersion = "Xcode 14.0";
			developmentRegion = en;
			hasScannedForEncodings = 0;
			knownRegions = (
				en,
				Base,
			);
			mainGroup = 0596DA8C2907F7E000561B1C;
			productRefGroup = 0596DA962907F7E000561B1C /* Products */;
			projectDirPath = "";
			projectRoot = "";
			targets = (
				0596DA942907F7E000561B1C /* SwiftUIPinch */,
			);
		};
/* End PBXProject section */

/* Begin PBXResourcesBuildPhase section */
		0596DA932907F7E000561B1C /* Resources */ = {
			isa = PBXResourcesBuildPhase;
			buildActionMask = 2147483647;
			files = (
				0596DAA02907F7E200561B1C /* Preview Assets.xcassets in Resources */,
				0596DA9D2907F7E200561B1C /* Assets.xcassets in Resources */,
			);
			runOnlyForDeploymentPostprocessing = 0;
		};
/* End PBXResourcesBuildPhase section */

/* Begin PBXSourcesBuildPhase section */
		0596DA912907F7E000561B1C /* Sources */ = {
			isa = PBXSourcesBuildPhase;
			buildActionMask = 2147483647;
			files = (
				0583FF2F290AD7E00089AB16 /* ControlImageView.swift in Sources */,
				0583FF31290AED700089AB16 /* PageModel.swift in Sources */,
				0596DA9B2907F7E000561B1C /* ContentView.swift in Sources */,
				0583FF2D290A91C20089AB16 /* InfoPanelView.swift in Sources */,
				0583FF33290AEDEC0089AB16 /* PageData.swift in Sources */,
				0596DA992907F7E000561B1C /* SwiftUIPinchApp.swift in Sources */,
			);
			runOnlyForDeploymentPostprocessing = 0;
		};
/* End PBXSourcesBuildPhase section */

/* Begin XCBuildConfiguration section */
		0596DAA12907F7E200561B1C /* Debug */ = {
			isa = XCBuildConfiguration;
			buildSettings = {
				ALWAYS_SEARCH_USER_PATHS = NO;
				CLANG_ANALYZER_NONNULL = YES;
				CLANG_ANALYZER_NUMBER_OBJECT_CONVERSION = YES_AGGRESSIVE;
				CLANG_CXX_LANGUAGE_STANDARD = "gnu++20";
				CLANG_ENABLE_MODULES = YES;
				CLANG_ENABLE_OBJC_ARC = YES;
				CLANG_ENABLE_OBJC_WEAK = YES;
				CLANG_WARN_BLOCK_CAPTURE_AUTORELEASING = YES;
				CLANG_WARN_BOOL_CONVERSION = YES;
				CLANG_WARN_COMMA = YES;
				CLANG_WARN_CONSTANT_CONVERSION = YES;
				CLANG_WARN_DEPRECATED_OBJC_IMPLEMENTATIONS = YES;
				CLANG_WARN_DIRECT_OBJC_ISA_USAGE = YES_ERROR;
				CLANG_WARN_DOCUMENTATION_COMMENTS = YES;
				CLANG_WARN_EMPTY_BODY = YES;
				CLANG_WARN_ENUM_CONVERSION = YES;
				CLANG_WARN_INFINITE_RECURSION = YES;
				CLANG_WARN_INT_CONVERSION = YES;
				CLANG_WARN_NON_LITERAL_NULL_CONVERSION = YES;
				CLANG_WARN_OBJC_IMPLICIT_RETAIN_SELF = YES;
				CLANG_WARN_OBJC_LITERAL_CONVERSION = YES;
				CLANG_WARN_OBJC_ROOT_CLASS = YES_ERROR;
				CLANG_WARN_QUOTED_INCLUDE_IN_FRAMEWORK_HEADER = YES;
				CLANG_WARN_RANGE_LOOP_ANALYSIS = YES;
				CLANG_WARN_STRICT_PROTOTYPES = YES;
				CLANG_WARN_SUSPICIOUS_MOVE = YES;
				CLANG_WARN_UNGUARDED_AVAILABILITY = YES_AGGRESSIVE;
				CLANG_WARN_UNREACHABLE_CODE = YES;
				CLANG_WARN__DUPLICATE_METHOD_MATCH = YES;
				COPY_PHASE_STRIP = NO;
				DEBUG_INFORMATION_FORMAT = dwarf;
				ENABLE_STRICT_OBJC_MSGSEND = YES;
				ENABLE_TESTABILITY = YES;
				GCC_C_LANGUAGE_STANDARD = gnu11;
				GCC_DYNAMIC_NO_PIC = NO;
				GCC_NO_COMMON_BLOCKS = YES;
				GCC_OPTIMIZATION_LEVEL = 0;
				GCC_PREPROCESSOR_DEFINITIONS = (
					"DEBUG=1",
					"$(inherited)",
				);
				GCC_WARN_64_TO_32_BIT_CONVERSION = YES;
				GCC_WARN_ABOUT_RETURN_TYPE = YES_ERROR;
				GCC_WARN_UNDECLARED_SELECTOR = YES;
				GCC_WARN_UNINITIALIZED_AUTOS = YES_AGGRESSIVE;
				GCC_WARN_UNUSED_FUNCTION = YES;
				GCC_WARN_UNUSED_VARIABLE = YES;
				IPHONEOS_DEPLOYMENT_TARGET = 16.0;
				MTL_ENABLE_DEBUG_INFO = INCLUDE_SOURCE;
				MTL_FAST_MATH = YES;
				ONLY_ACTIVE_ARCH = YES;
				SDKROOT = iphoneos;
				SWIFT_ACTIVE_COMPILATION_CONDITIONS = DEBUG;
				SWIFT_OPTIMIZATION_LEVEL = "-Onone";
			};
			name = Debug;
		};
		0596DAA22907F7E200561B1C /* Release */ = {
			isa = XCBuildConfiguration;
			buildSettings = {
				ALWAYS_SEARCH_USER_PATHS = NO;
				CLANG_ANALYZER_NONNULL = YES;
				CLANG_ANALYZER_NUMBER_OBJECT_CONVERSION = YES_AGGRESSIVE;
				CLANG_CXX_LANGUAGE_STANDARD = "gnu++20";
				CLANG_ENABLE_MODULES = YES;
				CLANG_ENABLE_OBJC_ARC = YES;
				CLANG_ENABLE_OBJC_WEAK = YES;
				CLANG_WARN_BLOCK_CAPTURE_AUTORELEASING = YES;
				CLANG_WARN_BOOL_CONVERSION = YES;
				CLANG_WARN_COMMA = YES;
				CLANG_WARN_CONSTANT_CONVERSION = YES;
				CLANG_WARN_DEPRECATED_OBJC_IMPLEMENTATIONS = YES;
				CLANG_WARN_DIRECT_OBJC_ISA_USAGE = YES_ERROR;
				CLANG_WARN_DOCUMENTATION_COMMENTS = YES;
				CLANG_WARN_EMPTY_BODY = YES;
				CLANG_WARN_ENUM_CONVERSION = YES;
				CLANG_WARN_INFINITE_RECURSION = YES;
				CLANG_WARN_INT_CONVERSION = YES;
				CLANG_WARN_NON_LITERAL_NULL_CONVERSION = YES;
				CLANG_WARN_OBJC_IMPLICIT_RETAIN_SELF = YES;
				CLANG_WARN_OBJC_LITERAL_CONVERSION = YES;
				CLANG_WARN_OBJC_ROOT_CLASS = YES_ERROR;
				CLANG_WARN_QUOTED_INCLUDE_IN_FRAMEWORK_HEADER = YES;
				CLANG_WARN_RANGE_LOOP_ANALYSIS = YES;
				CLANG_WARN_STRICT_PROTOTYPES = YES;
				CLANG_WARN_SUSPICIOUS_MOVE = YES;
				CLANG_WARN_UNGUARDED_AVAILABILITY = YES_AGGRESSIVE;
				CLANG_WARN_UNREACHABLE_CODE = YES;
				CLANG_WARN__DUPLICATE_METHOD_MATCH = YES;
				COPY_PHASE_STRIP = NO;
				DEBUG_INFORMATION_FORMAT = "dwarf-with-dsym";
				ENABLE_NS_ASSERTIONS = NO;
				ENABLE_STRICT_OBJC_MSGSEND = YES;
				GCC_C_LANGUAGE_STANDARD = gnu11;
				GCC_NO_COMMON_BLOCKS = YES;
				GCC_WARN_64_TO_32_BIT_CONVERSION = YES;
				GCC_WARN_ABOUT_RETURN_TYPE = YES_ERROR;
				GCC_WARN_UNDECLARED_SELECTOR = YES;
				GCC_WARN_UNINITIALIZED_AUTOS = YES_AGGRESSIVE;
				GCC_WARN_UNUSED_FUNCTION = YES;
				GCC_WARN_UNUSED_VARIABLE = YES;
				IPHONEOS_DEPLOYMENT_TARGET = 16.0;
				MTL_ENABLE_DEBUG_INFO = NO;
				MTL_FAST_MATH = YES;
				SDKROOT = iphoneos;
				SWIFT_COMPILATION_MODE = wholemodule;
				SWIFT_OPTIMIZATION_LEVEL = "-O";
				VALIDATE_PRODUCT = YES;
			};
			name = Release;
		};
		0596DAA42907F7E200561B1C /* Debug */ = {
			isa = XCBuildConfiguration;
			buildSettings = {
				ASSETCATALOG_COMPILER_APPICON_NAME = AppIcon;
				ASSETCATALOG_COMPILER_GLOBAL_ACCENT_COLOR_NAME = AccentColor;
				CODE_SIGN_STYLE = Automatic;
				CURRENT_PROJECT_VERSION = 1;
				DEVELOPMENT_ASSET_PATHS = "\"SwiftUIPinch/Preview Content\"";
				ENABLE_PREVIEWS = YES;
				GENERATE_INFOPLIST_FILE = YES;
				INFOPLIST_KEY_UIApplicationSceneManifest_Generation = YES;
				INFOPLIST_KEY_UIApplicationSupportsIndirectInputEvents = YES;
				INFOPLIST_KEY_UILaunchScreen_Generation = YES;
				INFOPLIST_KEY_UISupportedInterfaceOrientations = UIInterfaceOrientationPortrait;
				INFOPLIST_KEY_UISupportedInterfaceOrientations_iPad = "UIInterfaceOrientationLandscapeLeft UIInterfaceOrientationLandscapeRight UIInterfaceOrientationPortrait UIInterfaceOrientationPortraitUpsideDown";
				INFOPLIST_KEY_UISupportedInterfaceOrientations_iPhone = UIInterfaceOrientationPortrait;
				LD_RUNPATH_SEARCH_PATHS = (
					"$(inherited)",
					"@executable_path/Frameworks",
				);
				MARKETING_VERSION = 1.0;
				PRODUCT_BUNDLE_IDENTIFIER = aarhip.com.SwiftUIPinch;
				PRODUCT_NAME = "$(TARGET_NAME)";
				SWIFT_EMIT_LOC_STRINGS = YES;
				SWIFT_VERSION = 5.0;
				TARGETED_DEVICE_FAMILY = "1,2";
			};
			name = Debug;
		};
		0596DAA52907F7E200561B1C /* Release */ = {
			isa = XCBuildConfiguration;
			buildSettings = {
				ASSETCATALOG_COMPILER_APPICON_NAME = AppIcon;
				ASSETCATALOG_COMPILER_GLOBAL_ACCENT_COLOR_NAME = AccentColor;
				CODE_SIGN_STYLE = Automatic;
				CURRENT_PROJECT_VERSION = 1;
				DEVELOPMENT_ASSET_PATHS = "\"SwiftUIPinch/Preview Content\"";
				ENABLE_PREVIEWS = YES;
				GENERATE_INFOPLIST_FILE = YES;
				INFOPLIST_KEY_UIApplicationSceneManifest_Generation = YES;
				INFOPLIST_KEY_UIApplicationSupportsIndirectInputEvents = YES;
				INFOPLIST_KEY_UILaunchScreen_Generation = YES;
				INFOPLIST_KEY_UISupportedInterfaceOrientations = UIInterfaceOrientationPortrait;
				INFOPLIST_KEY_UISupportedInterfaceOrientations_iPad = "UIInterfaceOrientationLandscapeLeft UIInterfaceOrientationLandscapeRight UIInterfaceOrientationPortrait UIInterfaceOrientationPortraitUpsideDown";
				INFOPLIST_KEY_UISupportedInterfaceOrientations_iPhone = UIInterfaceOrientationPortrait;
				LD_RUNPATH_SEARCH_PATHS = (
					"$(inherited)",
					"@executable_path/Frameworks",
				);
				MARKETING_VERSION = 1.0;
				PRODUCT_BUNDLE_IDENTIFIER = aarhip.com.SwiftUIPinch;
				PRODUCT_NAME = "$(TARGET_NAME)";
				SWIFT_EMIT_LOC_STRINGS = YES;
				SWIFT_VERSION = 5.0;
				TARGETED_DEVICE_FAMILY = "1,2";
			};
			name = Release;
		};
/* End XCBuildConfiguration section */

/* Begin XCConfigurationList section */
		0596DA902907F7E000561B1C /* Build configuration list for PBXProject "SwiftUIPinch" */ = {
			isa = XCConfigurationList;
			buildConfigurations = (
				0596DAA12907F7E200561B1C /* Debug */,
				0596DAA22907F7E200561B1C /* Release */,
			);
			defaultConfigurationIsVisible = 0;
			defaultConfigurationName = Release;
		};
		0596DAA32907F7E200561B1C /* Build configuration list for PBXNativeTarget "SwiftUIPinch" */ = {
			isa = XCConfigurationList;
			buildConfigurations = (
				0596DAA42907F7E200561B1C /* Debug */,
				0596DAA52907F7E200561B1C /* Release */,
			);
			defaultConfigurationIsVisible = 0;
			defaultConfigurationName = Release;
		};
/* End XCConfigurationList section */
	};
	rootObject = 0596DA8D2907F7E000561B1C /* Project object */;
}
